// !$*UTF8*$!
{
	archiveVersion = 1;
	classes = {
	};
	objectVersion = 55;
	objects = {

/* Begin PBXBuildFile section */
		793CBF4C2CED03FE00E1B230 /* EventView.swift in Sources */ = {isa = PBXBuildFile; fileRef = 793CBF4B2CED03FE00E1B230 /* EventView.swift */; };
		793CBF512CED0F1C00E1B230 /* EventsScreenViewModel.swift in Sources */ = {isa = PBXBuildFile; fileRef = 793CBF502CED0F1C00E1B230 /* EventsScreenViewModel.swift */; };
		793CBF532CED11A500E1B230 /* EmptyEventsView.swift in Sources */ = {isa = PBXBuildFile; fileRef = 793CBF522CED11A500E1B230 /* EmptyEventsView.swift */; };
		793CBF5B2CED1CE100E1B230 /* Date + Ext.swift in Sources */ = {isa = PBXBuildFile; fileRef = 793CBF5A2CED1CE100E1B230 /* Date + Ext.swift */; };
		796256532CEBC5A20019F6E4 /* EventsScreenView.swift in Sources */ = {isa = PBXBuildFile; fileRef = 796256522CEBC5A20019F6E4 /* EventsScreenView.swift */; };
		796256562CEBCC240019F6E4 /* ChangeModeButtonsView.swift in Sources */ = {isa = PBXBuildFile; fileRef = 796256552CEBCC240019F6E4 /* ChangeModeButtonsView.swift */; };
		796256582CEBCEDC0019F6E4 /* ExploreEventsButtonView.swift in Sources */ = {isa = PBXBuildFile; fileRef = 796256572CEBCEDC0019F6E4 /* ExploreEventsButtonView.swift */; };
		93083D0F2CEB924D00A0C392 /* EventHubApp.swift in Sources */ = {isa = PBXBuildFile; fileRef = 93083D0E2CEB924D00A0C392 /* EventHubApp.swift */; };
		93083D112CEB924D00A0C392 /* ContentView.swift in Sources */ = {isa = PBXBuildFile; fileRef = 93083D102CEB924D00A0C392 /* ContentView.swift */; };
		93083D132CEB924F00A0C392 /* Assets.xcassets in Resources */ = {isa = PBXBuildFile; fileRef = 93083D122CEB924F00A0C392 /* Assets.xcassets */; };
		93083D162CEB924F00A0C392 /* Preview Assets.xcassets in Resources */ = {isa = PBXBuildFile; fileRef = 93083D152CEB924F00A0C392 /* Preview Assets.xcassets */; };
		93083D272CEB984600A0C392 /* CircleButton.swift in Sources */ = {isa = PBXBuildFile; fileRef = 93083D262CEB984600A0C392 /* CircleButton.swift */; };
		93083D2A2CEB994500A0C392 /* ViewRouter.swift in Sources */ = {isa = PBXBuildFile; fileRef = 93083D292CEB994500A0C392 /* ViewRouter.swift */; };
		93083D2C2CEB995A00A0C392 /* TabBarDimensions.swift in Sources */ = {isa = PBXBuildFile; fileRef = 93083D2B2CEB995A00A0C392 /* TabBarDimensions.swift */; };
		93083D2E2CEB996E00A0C392 /* TabBarIcon.swift in Sources */ = {isa = PBXBuildFile; fileRef = 93083D2D2CEB996E00A0C392 /* TabBarIcon.swift */; };
		AD508EFF2CED680800CA735C /* ResetPassword.swift in Sources */ = {isa = PBXBuildFile; fileRef = AD508EFE2CED67FB00CA735C /* ResetPassword.swift */; };
		AD508F012CED682700CA735C /* ChangePassword.swift in Sources */ = {isa = PBXBuildFile; fileRef = AD508F002CED681D00CA735C /* ChangePassword.swift */; };
		AD508F032CED687D00CA735C /* GoogleService-Info.plist in Resources */ = {isa = PBXBuildFile; fileRef = AD508F022CED687D00CA735C /* GoogleService-Info.plist */; };
		AD508F062CED698100CA735C /* FirebaseAnalytics in Frameworks */ = {isa = PBXBuildFile; productRef = AD508F052CED698100CA735C /* FirebaseAnalytics */; };
		AD508F082CED698100CA735C /* FirebaseAnalyticsOnDeviceConversion in Frameworks */ = {isa = PBXBuildFile; productRef = AD508F072CED698100CA735C /* FirebaseAnalyticsOnDeviceConversion */; };
		AD508F0A2CED698100CA735C /* FirebaseAnalyticsWithoutAdIdSupport in Frameworks */ = {isa = PBXBuildFile; productRef = AD508F092CED698100CA735C /* FirebaseAnalyticsWithoutAdIdSupport */; };
		AD508F0C2CED698100CA735C /* FirebaseAppCheck in Frameworks */ = {isa = PBXBuildFile; productRef = AD508F0B2CED698100CA735C /* FirebaseAppCheck */; };
		AD508F0E2CED698100CA735C /* FirebaseAppDistribution-Beta in Frameworks */ = {isa = PBXBuildFile; productRef = AD508F0D2CED698100CA735C /* FirebaseAppDistribution-Beta */; };
		AD508F102CED698100CA735C /* FirebaseAuth in Frameworks */ = {isa = PBXBuildFile; productRef = AD508F0F2CED698100CA735C /* FirebaseAuth */; };
		AD508F122CED698100CA735C /* FirebaseAuthCombine-Community in Frameworks */ = {isa = PBXBuildFile; productRef = AD508F112CED698100CA735C /* FirebaseAuthCombine-Community */; };
		AD508F142CED698100CA735C /* FirebaseCore in Frameworks */ = {isa = PBXBuildFile; productRef = AD508F132CED698100CA735C /* FirebaseCore */; };
		AD508F162CED698100CA735C /* FirebaseCrashlytics in Frameworks */ = {isa = PBXBuildFile; productRef = AD508F152CED698100CA735C /* FirebaseCrashlytics */; };
		AD508F182CED698100CA735C /* FirebaseDatabase in Frameworks */ = {isa = PBXBuildFile; productRef = AD508F172CED698100CA735C /* FirebaseDatabase */; };
		AD508F1A2CED698100CA735C /* FirebaseDynamicLinks in Frameworks */ = {isa = PBXBuildFile; productRef = AD508F192CED698100CA735C /* FirebaseDynamicLinks */; };
		AD508F1C2CED698100CA735C /* FirebaseFirestore in Frameworks */ = {isa = PBXBuildFile; productRef = AD508F1B2CED698100CA735C /* FirebaseFirestore */; };
		AD508F1E2CED698100CA735C /* FirebaseFirestoreCombine-Community in Frameworks */ = {isa = PBXBuildFile; productRef = AD508F1D2CED698100CA735C /* FirebaseFirestoreCombine-Community */; };
		AD508F202CED698100CA735C /* FirebaseFunctions in Frameworks */ = {isa = PBXBuildFile; productRef = AD508F1F2CED698100CA735C /* FirebaseFunctions */; };
		AD508F222CED698100CA735C /* FirebaseFunctionsCombine-Community in Frameworks */ = {isa = PBXBuildFile; productRef = AD508F212CED698100CA735C /* FirebaseFunctionsCombine-Community */; };
		AD508F242CED698100CA735C /* FirebaseInAppMessaging-Beta in Frameworks */ = {isa = PBXBuildFile; productRef = AD508F232CED698100CA735C /* FirebaseInAppMessaging-Beta */; };
		AD508F262CED698100CA735C /* FirebaseInstallations in Frameworks */ = {isa = PBXBuildFile; productRef = AD508F252CED698100CA735C /* FirebaseInstallations */; };
		AD508F282CED698100CA735C /* FirebaseMLModelDownloader in Frameworks */ = {isa = PBXBuildFile; productRef = AD508F272CED698100CA735C /* FirebaseMLModelDownloader */; };
		AD508F2A2CED698100CA735C /* FirebaseMessaging in Frameworks */ = {isa = PBXBuildFile; productRef = AD508F292CED698100CA735C /* FirebaseMessaging */; };
		AD508F2C2CED698100CA735C /* FirebasePerformance in Frameworks */ = {isa = PBXBuildFile; productRef = AD508F2B2CED698100CA735C /* FirebasePerformance */; };
		AD508F2E2CED698100CA735C /* FirebaseRemoteConfig in Frameworks */ = {isa = PBXBuildFile; productRef = AD508F2D2CED698100CA735C /* FirebaseRemoteConfig */; };
		AD508F302CED698100CA735C /* FirebaseStorage in Frameworks */ = {isa = PBXBuildFile; productRef = AD508F2F2CED698100CA735C /* FirebaseStorage */; };
		AD508F322CED698100CA735C /* FirebaseStorageCombine-Community in Frameworks */ = {isa = PBXBuildFile; productRef = AD508F312CED698100CA735C /* FirebaseStorageCombine-Community */; };
		AD508F342CED698100CA735C /* FirebaseVertexAI in Frameworks */ = {isa = PBXBuildFile; productRef = AD508F332CED698100CA735C /* FirebaseVertexAI */; };
		AD508F372CED6AD700CA735C /* GoogleSignIn in Frameworks */ = {isa = PBXBuildFile; productRef = AD508F362CED6AD700CA735C /* GoogleSignIn */; };
		AD508F392CED6AD700CA735C /* GoogleSignInSwift in Frameworks */ = {isa = PBXBuildFile; productRef = AD508F382CED6AD700CA735C /* GoogleSignInSwift */; };
		AD508F3C2CED6E4400CA735C /* AuthenticationModel.swift in Sources */ = {isa = PBXBuildFile; fileRef = AD508F3B2CED6E4100CA735C /* AuthenticationModel.swift */; };
		AD9259962CEBE00800F74E65 /* SignIn.swift in Sources */ = {isa = PBXBuildFile; fileRef = AD9259952CEBE00200F74E65 /* SignIn.swift */; };
		AD9259982CEC2A9500F74E65 /* CustomTextField.swift in Sources */ = {isa = PBXBuildFile; fileRef = AD9259972CEC2A8D00F74E65 /* CustomTextField.swift */; };
		AD92599A2CEC74A900F74E65 /* SignUp.swift in Sources */ = {isa = PBXBuildFile; fileRef = AD9259992CEC749100F74E65 /* SignUp.swift */; };
		AD92599C2CEC75CC00F74E65 /* DefaultButtons.swift in Sources */ = {isa = PBXBuildFile; fileRef = AD92599B2CEC75C600F74E65 /* DefaultButtons.swift */; };
		ADA04A822CEEA7B70001F7E4 /* NavigationManager.swift in Sources */ = {isa = PBXBuildFile; fileRef = ADA04A812CEEA7AC0001F7E4 /* NavigationManager.swift */; };
		ADA04A842CEEA8460001F7E4 /* MainNavigation.swift in Sources */ = {isa = PBXBuildFile; fileRef = ADA04A832CEEA8340001F7E4 /* MainNavigation.swift */; };
		CB199C532CEE431C006D2476 /* NetworkService.swift in Sources */ = {isa = PBXBuildFile; fileRef = CB199C522CEE4314006D2476 /* NetworkService.swift */; };
		CB199C562CEE44D2006D2476 /* EventCategoryModel.swift in Sources */ = {isa = PBXBuildFile; fileRef = CB199C552CEE44CD006D2476 /* EventCategoryModel.swift */; };
		CB199C582CEE467A006D2476 /* LocationModel.swift in Sources */ = {isa = PBXBuildFile; fileRef = CB199C572CEE4674006D2476 /* LocationModel.swift */; };
		CB199C5A2CEE63FC006D2476 /* SearchEventsModel.swift in Sources */ = {isa = PBXBuildFile; fileRef = CB199C592CEE63F0006D2476 /* SearchEventsModel.swift */; };
		CB199C5C2CEE648B006D2476 /* SearchEventModel.swift in Sources */ = {isa = PBXBuildFile; fileRef = CB199C5B2CEE6487006D2476 /* SearchEventModel.swift */; };
		CB199C5E2CEE6542006D2476 /* PlaceModel.swift in Sources */ = {isa = PBXBuildFile; fileRef = CB199C5D2CEE653E006D2476 /* PlaceModel.swift */; };
		CB199C622CEE7AD3006D2476 /* EventModel.swift in Sources */ = {isa = PBXBuildFile; fileRef = CB199C612CEE7ACE006D2476 /* EventModel.swift */; };
		CB199C642CEE88D7006D2476 /* Location.swift in Sources */ = {isa = PBXBuildFile; fileRef = CB199C632CEE88D4006D2476 /* Location.swift */; };
		CB406E1E2CEFA48F007C8F49 /* CategoryView.swift in Sources */ = {isa = PBXBuildFile; fileRef = CB406E1B2CEFA48F007C8F49 /* CategoryView.swift */; };
		CB406E1F2CEFA48F007C8F49 /* ExploreView.swift in Sources */ = {isa = PBXBuildFile; fileRef = CB406E1C2CEFA48F007C8F49 /* ExploreView.swift */; };
		CB406E202CEFA48F007C8F49 /* CardView.swift in Sources */ = {isa = PBXBuildFile; fileRef = CB406E1A2CEFA48F007C8F49 /* CardView.swift */; };
		CB406E212CEFA48F007C8F49 /* HeaderView.swift in Sources */ = {isa = PBXBuildFile; fileRef = CB406E1D2CEFA48F007C8F49 /* HeaderView.swift */; };
		CB5A4D422CEFD2A6005AD2A9 /* EventsModel.swift in Sources */ = {isa = PBXBuildFile; fileRef = CB5A4D412CEFD2A6005AD2A9 /* EventsModel.swift */; };
		CB743EC72CEB936700E22966 /* AirbnbCereal_W_Bk.otf in Resources */ = {isa = PBXBuildFile; fileRef = CB743EC52CEB936700E22966 /* AirbnbCereal_W_Bk.otf */; };
		CB743EC82CEB936700E22966 /* AirbnbCereal_W_Md.otf in Resources */ = {isa = PBXBuildFile; fileRef = CB743EC62CEB936700E22966 /* AirbnbCereal_W_Md.otf */; };
		CB743EC92CEB936700E22966 /* AirbnbCereal_W_Bd.otf in Resources */ = {isa = PBXBuildFile; fileRef = CB743EC42CEB936700E22966 /* AirbnbCereal_W_Bd.otf */; };
		CB743ECC2CEB93AC00E22966 /* Font.swift in Sources */ = {isa = PBXBuildFile; fileRef = CB743ECB2CEB93AC00E22966 /* Font.swift */; };
		CBB7F1082CED1AC70065366F /* Persistence.swift in Sources */ = {isa = PBXBuildFile; fileRef = CBB7F1062CED1AC70065366F /* Persistence.swift */; };
		CBB7F1092CED1AC70065366F /* EventHub.xcdatamodeld in Sources */ = {isa = PBXBuildFile; fileRef = CBB7F1052CED1AC70065366F /* EventHub.xcdatamodeld */; };
		CBB7F10C2CED1B250065366F /* Font + Ext.swift in Sources */ = {isa = PBXBuildFile; fileRef = CBB7F10A2CED1B250065366F /* Font + Ext.swift */; };
		EB65CAFC2CF0BFA4006B5AEC /* EventDetailsScreen.swift in Sources */ = {isa = PBXBuildFile; fileRef = EB65CAFB2CF0BFA4006B5AEC /* EventDetailsScreen.swift */; };
		EB65CB002CF0BFE3006B5AEC /* SharedView.swift in Sources */ = {isa = PBXBuildFile; fileRef = EB65CAFF2CF0BFE3006B5AEC /* SharedView.swift */; };
		EB65CB022CF0C018006B5AEC /* ActionButtonCancel.swift in Sources */ = {isa = PBXBuildFile; fileRef = EB65CB012CF0C018006B5AEC /* ActionButtonCancel.swift */; };
		EB65CB042CF0C059006B5AEC /* ActionButtonsShareModel.swift in Sources */ = {isa = PBXBuildFile; fileRef = EB65CB032CF0C059006B5AEC /* ActionButtonsShareModel.swift */; };
		EB65CB062CF0C783006B5AEC /* ActionButtonHeader.swift in Sources */ = {isa = PBXBuildFile; fileRef = EB65CB052CF0C783006B5AEC /* ActionButtonHeader.swift */; };
		EB65CB082CF0C7B4006B5AEC /* DefaultLoadImageView.swift in Sources */ = {isa = PBXBuildFile; fileRef = EB65CB072CF0C7B4006B5AEC /* DefaultLoadImageView.swift */; };
		EB65CB0A2CF0C88C006B5AEC /* OrganizationNameItem.swift in Sources */ = {isa = PBXBuildFile; fileRef = EB65CB092CF0C88C006B5AEC /* OrganizationNameItem.swift */; };
		EB65CB0C2CF0CAFE006B5AEC /* InfoItem.swift in Sources */ = {isa = PBXBuildFile; fileRef = EB65CB0B2CF0CAFE006B5AEC /* InfoItem.swift */; };
		EB65CB0E2CF0CC51006B5AEC /* ImageEventDetail.swift in Sources */ = {isa = PBXBuildFile; fileRef = EB65CB0D2CF0CC51006B5AEC /* ImageEventDetail.swift */; };
		EB65CB102CF0E3D5006B5AEC /* PreLoadImageView.swift in Sources */ = {isa = PBXBuildFile; fileRef = EB65CB0F2CF0E3D5006B5AEC /* PreLoadImageView.swift */; };
		EB8D01E62CECBD7F000AB98A /* SplashScreen.swift in Sources */ = {isa = PBXBuildFile; fileRef = EB8D01E52CECBD7F000AB98A /* SplashScreen.swift */; };
		EB8D01E82CECBFE8000AB98A /* EllipseView.swift in Sources */ = {isa = PBXBuildFile; fileRef = EB8D01E72CECBFE8000AB98A /* EllipseView.swift */; };
		EB8D01EB2CECC719000AB98A /* OnboardingScreen.swift in Sources */ = {isa = PBXBuildFile; fileRef = EB8D01EA2CECC719000AB98A /* OnboardingScreen.swift */; };
		EB8D01EE2CECC915000AB98A /* ImagePageView.swift in Sources */ = {isa = PBXBuildFile; fileRef = EB8D01ED2CECC915000AB98A /* ImagePageView.swift */; };
		EB8D01F02CECC941000AB98A /* TextPageView.swift in Sources */ = {isa = PBXBuildFile; fileRef = EB8D01EF2CECC941000AB98A /* TextPageView.swift */; };
		EB8D01F22CECC95F000AB98A /* IndicatorPageView.swift in Sources */ = {isa = PBXBuildFile; fileRef = EB8D01F12CECC95F000AB98A /* IndicatorPageView.swift */; };
		EB8D01F42CECC976000AB98A /* ActionButtonPageView.swift in Sources */ = {isa = PBXBuildFile; fileRef = EB8D01F32CECC976000AB98A /* ActionButtonPageView.swift */; };
		EB8D01F62CECDB42000AB98A /* BackgroundEllipseView.swift in Sources */ = {isa = PBXBuildFile; fileRef = EB8D01F52CECDB42000AB98A /* BackgroundEllipseView.swift */; };
		EB8D01FA2CECDD06000AB98A /* OnboardingPageModel.swift in Sources */ = {isa = PBXBuildFile; fileRef = EB8D01F92CECDD06000AB98A /* OnboardingPageModel.swift */; };
/* End PBXBuildFile section */

/* Begin PBXFileReference section */
		793CBF4B2CED03FE00E1B230 /* EventView.swift */ = {isa = PBXFileReference; lastKnownFileType = sourcecode.swift; path = EventView.swift; sourceTree = "<group>"; };
		793CBF4D2CED067000E1B230 /* Date + Ext.swift */ = {isa = PBXFileReference; lastKnownFileType = sourcecode.swift; path = "Date + Ext.swift"; sourceTree = "<group>"; };
		793CBF502CED0F1C00E1B230 /* EventsScreenViewModel.swift */ = {isa = PBXFileReference; lastKnownFileType = sourcecode.swift; path = EventsScreenViewModel.swift; sourceTree = "<group>"; };
		793CBF522CED11A500E1B230 /* EmptyEventsView.swift */ = {isa = PBXFileReference; lastKnownFileType = sourcecode.swift; path = EmptyEventsView.swift; sourceTree = "<group>"; };
		793CBF5A2CED1CE100E1B230 /* Date + Ext.swift */ = {isa = PBXFileReference; lastKnownFileType = sourcecode.swift; path = "Date + Ext.swift"; sourceTree = "<group>"; };
		796256522CEBC5A20019F6E4 /* EventsScreenView.swift */ = {isa = PBXFileReference; lastKnownFileType = sourcecode.swift; path = EventsScreenView.swift; sourceTree = "<group>"; };
		796256552CEBCC240019F6E4 /* ChangeModeButtonsView.swift */ = {isa = PBXFileReference; lastKnownFileType = sourcecode.swift; path = ChangeModeButtonsView.swift; sourceTree = "<group>"; };
		796256572CEBCEDC0019F6E4 /* ExploreEventsButtonView.swift */ = {isa = PBXFileReference; lastKnownFileType = sourcecode.swift; path = ExploreEventsButtonView.swift; sourceTree = "<group>"; };
		93083D0B2CEB924D00A0C392 /* EventHub.app */ = {isa = PBXFileReference; explicitFileType = wrapper.application; includeInIndex = 0; path = EventHub.app; sourceTree = BUILT_PRODUCTS_DIR; };
		93083D0E2CEB924D00A0C392 /* EventHubApp.swift */ = {isa = PBXFileReference; lastKnownFileType = sourcecode.swift; path = EventHubApp.swift; sourceTree = "<group>"; };
		93083D102CEB924D00A0C392 /* ContentView.swift */ = {isa = PBXFileReference; lastKnownFileType = sourcecode.swift; path = ContentView.swift; sourceTree = "<group>"; };
		93083D122CEB924F00A0C392 /* Assets.xcassets */ = {isa = PBXFileReference; lastKnownFileType = folder.assetcatalog; path = Assets.xcassets; sourceTree = "<group>"; };
		93083D152CEB924F00A0C392 /* Preview Assets.xcassets */ = {isa = PBXFileReference; lastKnownFileType = folder.assetcatalog; path = "Preview Assets.xcassets"; sourceTree = "<group>"; };
		93083D262CEB984600A0C392 /* CircleButton.swift */ = {isa = PBXFileReference; lastKnownFileType = sourcecode.swift; path = CircleButton.swift; sourceTree = "<group>"; };
		93083D292CEB994500A0C392 /* ViewRouter.swift */ = {isa = PBXFileReference; lastKnownFileType = sourcecode.swift; path = ViewRouter.swift; sourceTree = "<group>"; };
		93083D2B2CEB995A00A0C392 /* TabBarDimensions.swift */ = {isa = PBXFileReference; lastKnownFileType = sourcecode.swift; path = TabBarDimensions.swift; sourceTree = "<group>"; };
		93083D2D2CEB996E00A0C392 /* TabBarIcon.swift */ = {isa = PBXFileReference; lastKnownFileType = sourcecode.swift; path = TabBarIcon.swift; sourceTree = "<group>"; };
		AD508EFE2CED67FB00CA735C /* ResetPassword.swift */ = {isa = PBXFileReference; lastKnownFileType = sourcecode.swift; path = ResetPassword.swift; sourceTree = "<group>"; };
		AD508F002CED681D00CA735C /* ChangePassword.swift */ = {isa = PBXFileReference; lastKnownFileType = sourcecode.swift; path = ChangePassword.swift; sourceTree = "<group>"; };
		AD508F022CED687D00CA735C /* GoogleService-Info.plist */ = {isa = PBXFileReference; lastKnownFileType = text.plist.xml; path = "GoogleService-Info.plist"; sourceTree = "<group>"; };
		AD508F3B2CED6E4100CA735C /* AuthenticationModel.swift */ = {isa = PBXFileReference; lastKnownFileType = sourcecode.swift; path = AuthenticationModel.swift; sourceTree = "<group>"; };
		AD9259952CEBE00200F74E65 /* SignIn.swift */ = {isa = PBXFileReference; lastKnownFileType = sourcecode.swift; path = SignIn.swift; sourceTree = "<group>"; };
		AD9259972CEC2A8D00F74E65 /* CustomTextField.swift */ = {isa = PBXFileReference; lastKnownFileType = sourcecode.swift; path = CustomTextField.swift; sourceTree = "<group>"; };
		AD9259992CEC749100F74E65 /* SignUp.swift */ = {isa = PBXFileReference; lastKnownFileType = sourcecode.swift; path = SignUp.swift; sourceTree = "<group>"; };
		AD92599B2CEC75C600F74E65 /* DefaultButtons.swift */ = {isa = PBXFileReference; lastKnownFileType = sourcecode.swift; path = DefaultButtons.swift; sourceTree = "<group>"; };
		ADA04A812CEEA7AC0001F7E4 /* NavigationManager.swift */ = {isa = PBXFileReference; lastKnownFileType = sourcecode.swift; path = NavigationManager.swift; sourceTree = "<group>"; };
		ADA04A832CEEA8340001F7E4 /* MainNavigation.swift */ = {isa = PBXFileReference; lastKnownFileType = sourcecode.swift; path = MainNavigation.swift; sourceTree = "<group>"; };
		CB199C522CEE4314006D2476 /* NetworkService.swift */ = {isa = PBXFileReference; lastKnownFileType = sourcecode.swift; path = NetworkService.swift; sourceTree = "<group>"; };
		CB199C552CEE44CD006D2476 /* EventCategoryModel.swift */ = {isa = PBXFileReference; lastKnownFileType = sourcecode.swift; path = EventCategoryModel.swift; sourceTree = "<group>"; };
		CB199C572CEE4674006D2476 /* LocationModel.swift */ = {isa = PBXFileReference; lastKnownFileType = sourcecode.swift; path = LocationModel.swift; sourceTree = "<group>"; };
		CB199C592CEE63F0006D2476 /* SearchEventsModel.swift */ = {isa = PBXFileReference; lastKnownFileType = sourcecode.swift; path = SearchEventsModel.swift; sourceTree = "<group>"; };
		CB199C5B2CEE6487006D2476 /* SearchEventModel.swift */ = {isa = PBXFileReference; lastKnownFileType = sourcecode.swift; path = SearchEventModel.swift; sourceTree = "<group>"; };
		CB199C5D2CEE653E006D2476 /* PlaceModel.swift */ = {isa = PBXFileReference; lastKnownFileType = sourcecode.swift; path = PlaceModel.swift; sourceTree = "<group>"; };
		CB199C612CEE7ACE006D2476 /* EventModel.swift */ = {isa = PBXFileReference; lastKnownFileType = sourcecode.swift; path = EventModel.swift; sourceTree = "<group>"; };
		CB199C632CEE88D4006D2476 /* Location.swift */ = {isa = PBXFileReference; lastKnownFileType = sourcecode.swift; path = Location.swift; sourceTree = "<group>"; };
		CB406E1A2CEFA48F007C8F49 /* CardView.swift */ = {isa = PBXFileReference; lastKnownFileType = sourcecode.swift; path = CardView.swift; sourceTree = "<group>"; };
		CB406E1B2CEFA48F007C8F49 /* CategoryView.swift */ = {isa = PBXFileReference; lastKnownFileType = sourcecode.swift; path = CategoryView.swift; sourceTree = "<group>"; };
		CB406E1C2CEFA48F007C8F49 /* ExploreView.swift */ = {isa = PBXFileReference; lastKnownFileType = sourcecode.swift; path = ExploreView.swift; sourceTree = "<group>"; };
		CB406E1D2CEFA48F007C8F49 /* HeaderView.swift */ = {isa = PBXFileReference; lastKnownFileType = sourcecode.swift; path = HeaderView.swift; sourceTree = "<group>"; };
		CB5A4D412CEFD2A6005AD2A9 /* EventsModel.swift */ = {isa = PBXFileReference; lastKnownFileType = sourcecode.swift; path = EventsModel.swift; sourceTree = "<group>"; };
		CB743EC42CEB936700E22966 /* AirbnbCereal_W_Bd.otf */ = {isa = PBXFileReference; lastKnownFileType = file; path = AirbnbCereal_W_Bd.otf; sourceTree = "<group>"; };
		CB743EC52CEB936700E22966 /* AirbnbCereal_W_Bk.otf */ = {isa = PBXFileReference; lastKnownFileType = file; path = AirbnbCereal_W_Bk.otf; sourceTree = "<group>"; };
		CB743EC62CEB936700E22966 /* AirbnbCereal_W_Md.otf */ = {isa = PBXFileReference; lastKnownFileType = file; path = AirbnbCereal_W_Md.otf; sourceTree = "<group>"; };
		CB743ECA2CEB938200E22966 /* Info.plist */ = {isa = PBXFileReference; lastKnownFileType = text.plist; path = Info.plist; sourceTree = "<group>"; };
		CB743ECB2CEB93AC00E22966 /* Font.swift */ = {isa = PBXFileReference; lastKnownFileType = sourcecode.swift; path = Font.swift; sourceTree = "<group>"; };
		CBB7F1062CED1AC70065366F /* Persistence.swift */ = {isa = PBXFileReference; lastKnownFileType = sourcecode.swift; path = Persistence.swift; sourceTree = "<group>"; };
		CBB7F1072CED1AC70065366F /* EventHub.xcdatamodel */ = {isa = PBXFileReference; lastKnownFileType = wrapper.xcdatamodel; path = EventHub.xcdatamodel; sourceTree = "<group>"; };
		CBB7F10A2CED1B250065366F /* Font + Ext.swift */ = {isa = PBXFileReference; lastKnownFileType = sourcecode.swift; path = "Font + Ext.swift"; sourceTree = "<group>"; };
		EB65CAFB2CF0BFA4006B5AEC /* EventDetailsScreen.swift */ = {isa = PBXFileReference; lastKnownFileType = sourcecode.swift; path = EventDetailsScreen.swift; sourceTree = "<group>"; };
		EB65CAFF2CF0BFE3006B5AEC /* SharedView.swift */ = {isa = PBXFileReference; lastKnownFileType = sourcecode.swift; path = SharedView.swift; sourceTree = "<group>"; };
		EB65CB012CF0C018006B5AEC /* ActionButtonCancel.swift */ = {isa = PBXFileReference; lastKnownFileType = sourcecode.swift; path = ActionButtonCancel.swift; sourceTree = "<group>"; };
		EB65CB032CF0C059006B5AEC /* ActionButtonsShareModel.swift */ = {isa = PBXFileReference; lastKnownFileType = sourcecode.swift; path = ActionButtonsShareModel.swift; sourceTree = "<group>"; };
		EB65CB052CF0C783006B5AEC /* ActionButtonHeader.swift */ = {isa = PBXFileReference; lastKnownFileType = sourcecode.swift; path = ActionButtonHeader.swift; sourceTree = "<group>"; };
		EB65CB072CF0C7B4006B5AEC /* DefaultLoadImageView.swift */ = {isa = PBXFileReference; lastKnownFileType = sourcecode.swift; path = DefaultLoadImageView.swift; sourceTree = "<group>"; };
		EB65CB092CF0C88C006B5AEC /* OrganizationNameItem.swift */ = {isa = PBXFileReference; lastKnownFileType = sourcecode.swift; path = OrganizationNameItem.swift; sourceTree = "<group>"; };
		EB65CB0B2CF0CAFE006B5AEC /* InfoItem.swift */ = {isa = PBXFileReference; lastKnownFileType = sourcecode.swift; path = InfoItem.swift; sourceTree = "<group>"; };
		EB65CB0D2CF0CC51006B5AEC /* ImageEventDetail.swift */ = {isa = PBXFileReference; lastKnownFileType = sourcecode.swift; path = ImageEventDetail.swift; sourceTree = "<group>"; };
		EB65CB0F2CF0E3D5006B5AEC /* PreLoadImageView.swift */ = {isa = PBXFileReference; lastKnownFileType = sourcecode.swift; path = PreLoadImageView.swift; sourceTree = "<group>"; };
		EB8D01E52CECBD7F000AB98A /* SplashScreen.swift */ = {isa = PBXFileReference; lastKnownFileType = sourcecode.swift; path = SplashScreen.swift; sourceTree = "<group>"; };
		EB8D01E72CECBFE8000AB98A /* EllipseView.swift */ = {isa = PBXFileReference; lastKnownFileType = sourcecode.swift; path = EllipseView.swift; sourceTree = "<group>"; };
		EB8D01EA2CECC719000AB98A /* OnboardingScreen.swift */ = {isa = PBXFileReference; lastKnownFileType = sourcecode.swift; path = OnboardingScreen.swift; sourceTree = "<group>"; };
		EB8D01ED2CECC915000AB98A /* ImagePageView.swift */ = {isa = PBXFileReference; lastKnownFileType = sourcecode.swift; path = ImagePageView.swift; sourceTree = "<group>"; };
		EB8D01EF2CECC941000AB98A /* TextPageView.swift */ = {isa = PBXFileReference; lastKnownFileType = sourcecode.swift; path = TextPageView.swift; sourceTree = "<group>"; };
		EB8D01F12CECC95F000AB98A /* IndicatorPageView.swift */ = {isa = PBXFileReference; lastKnownFileType = sourcecode.swift; path = IndicatorPageView.swift; sourceTree = "<group>"; };
		EB8D01F32CECC976000AB98A /* ActionButtonPageView.swift */ = {isa = PBXFileReference; lastKnownFileType = sourcecode.swift; path = ActionButtonPageView.swift; sourceTree = "<group>"; };
		EB8D01F52CECDB42000AB98A /* BackgroundEllipseView.swift */ = {isa = PBXFileReference; lastKnownFileType = sourcecode.swift; path = BackgroundEllipseView.swift; sourceTree = "<group>"; };
		EB8D01F92CECDD06000AB98A /* OnboardingPageModel.swift */ = {isa = PBXFileReference; lastKnownFileType = sourcecode.swift; path = OnboardingPageModel.swift; sourceTree = "<group>"; };
/* End PBXFileReference section */

/* Begin PBXFrameworksBuildPhase section */
		93083D082CEB924D00A0C392 /* Frameworks */ = {
			isa = PBXFrameworksBuildPhase;
			buildActionMask = 2147483647;
			files = (
				AD508F1E2CED698100CA735C /* FirebaseFirestoreCombine-Community in Frameworks */,
				AD508F342CED698100CA735C /* FirebaseVertexAI in Frameworks */,
				AD508F202CED698100CA735C /* FirebaseFunctions in Frameworks */,
				AD508F2C2CED698100CA735C /* FirebasePerformance in Frameworks */,
				AD508F322CED698100CA735C /* FirebaseStorageCombine-Community in Frameworks */,
				AD508F392CED6AD700CA735C /* GoogleSignInSwift in Frameworks */,
				AD508F2E2CED698100CA735C /* FirebaseRemoteConfig in Frameworks */,
				AD508F182CED698100CA735C /* FirebaseDatabase in Frameworks */,
				AD508F1A2CED698100CA735C /* FirebaseDynamicLinks in Frameworks */,
				AD508F0C2CED698100CA735C /* FirebaseAppCheck in Frameworks */,
				AD508F102CED698100CA735C /* FirebaseAuth in Frameworks */,
				AD508F062CED698100CA735C /* FirebaseAnalytics in Frameworks */,
				AD508F1C2CED698100CA735C /* FirebaseFirestore in Frameworks */,
				AD508F2A2CED698100CA735C /* FirebaseMessaging in Frameworks */,
				AD508F262CED698100CA735C /* FirebaseInstallations in Frameworks */,
				AD508F222CED698100CA735C /* FirebaseFunctionsCombine-Community in Frameworks */,
				AD508F372CED6AD700CA735C /* GoogleSignIn in Frameworks */,
				AD508F0E2CED698100CA735C /* FirebaseAppDistribution-Beta in Frameworks */,
				AD508F0A2CED698100CA735C /* FirebaseAnalyticsWithoutAdIdSupport in Frameworks */,
				AD508F242CED698100CA735C /* FirebaseInAppMessaging-Beta in Frameworks */,
				AD508F122CED698100CA735C /* FirebaseAuthCombine-Community in Frameworks */,
				AD508F162CED698100CA735C /* FirebaseCrashlytics in Frameworks */,
				AD508F282CED698100CA735C /* FirebaseMLModelDownloader in Frameworks */,
				AD508F302CED698100CA735C /* FirebaseStorage in Frameworks */,
				AD508F142CED698100CA735C /* FirebaseCore in Frameworks */,
				AD508F082CED698100CA735C /* FirebaseAnalyticsOnDeviceConversion in Frameworks */,
			);
			runOnlyForDeploymentPostprocessing = 0;
		};
/* End PBXFrameworksBuildPhase section */

/* Begin PBXGroup section */
		793CBF4F2CED0F0800E1B230 /* Model */ = {
			isa = PBXGroup;
			children = (
				793CBF502CED0F1C00E1B230 /* EventsScreenViewModel.swift */,
			);
			path = Model;
			sourceTree = "<group>";
		};
		793CBF542CED1B8C00E1B230 /* Recovered References */ = {
			isa = PBXGroup;
			children = (
				793CBF4D2CED067000E1B230 /* Date + Ext.swift */,
			);
			name = "Recovered References";
			sourceTree = "<group>";
		};
		796256502CEBC5820019F6E4 /* Screens */ = {
			isa = PBXGroup;
			children = (
				EB65CAFA2CF0BC64006B5AEC /* EventDetailsScreen */,
				CB406E182CEFA451007C8F49 /* Explore */,
				AD9259942CEBDFB000F74E65 /* Authorization */,
				EB8D01F72CECDB48000AB98A /* BackgroundEllipse */,
				796256512CEBC58C0019F6E4 /* EventsScreen */,
				EB8D01E42CECBD49000AB98A /* Onboarding */,
				EB8D01E32CECBD41000AB98A /* SplashScreen */,
				93083D282CEB991A00A0C392 /* TabBar */,
			);
			path = Screens;
			sourceTree = "<group>";
		};
		796256512CEBC58C0019F6E4 /* EventsScreen */ = {
			isa = PBXGroup;
			children = (
				793CBF4F2CED0F0800E1B230 /* Model */,
				796256542CEBCC070019F6E4 /* Views */,
				796256522CEBC5A20019F6E4 /* EventsScreenView.swift */,
			);
			path = EventsScreen;
			sourceTree = "<group>";
		};
		796256542CEBCC070019F6E4 /* Views */ = {
			isa = PBXGroup;
			children = (
				796256552CEBCC240019F6E4 /* ChangeModeButtonsView.swift */,
				796256572CEBCEDC0019F6E4 /* ExploreEventsButtonView.swift */,
				793CBF4B2CED03FE00E1B230 /* EventView.swift */,
				793CBF522CED11A500E1B230 /* EmptyEventsView.swift */,
			);
			path = Views;
			sourceTree = "<group>";
		};
		93083D022CEB924D00A0C392 = {
			isa = PBXGroup;
			children = (
				93083D0D2CEB924D00A0C392 /* EventHub */,
				93083D0C2CEB924D00A0C392 /* Products */,
				CBB7F10B2CED1B250065366F /* Extensions */,
				793CBF542CED1B8C00E1B230 /* Recovered References */,
			);
			sourceTree = "<group>";
		};
		93083D0C2CEB924D00A0C392 /* Products */ = {
			isa = PBXGroup;
			children = (
				93083D0B2CEB924D00A0C392 /* EventHub.app */,
			);
			name = Products;
			sourceTree = "<group>";
		};
		93083D0D2CEB924D00A0C392 /* EventHub */ = {
			isa = PBXGroup;
			children = (
				CB199C542CEE44C8006D2476 /* Models */,
				CB199C512CEE4308006D2476 /* Services */,
				CB743EC12CEB932400E22966 /* App */,
				796256502CEBC5820019F6E4 /* Screens */,
				CB743ECA2CEB938200E22966 /* Info.plist */,
				AD508F022CED687D00CA735C /* GoogleService-Info.plist */,
				93083D102CEB924D00A0C392 /* ContentView.swift */,
				CB743EC22CEB934300E22966 /* Resources */,
				CBB7F1032CED0AE60065366F /* Storage */,
				93083D142CEB924F00A0C392 /* Preview Content */,
			);
			path = EventHub;
			sourceTree = "<group>";
		};
		93083D142CEB924F00A0C392 /* Preview Content */ = {
			isa = PBXGroup;
			children = (
				93083D152CEB924F00A0C392 /* Preview Assets.xcassets */,
			);
			path = "Preview Content";
			sourceTree = "<group>";
		};
		93083D282CEB991A00A0C392 /* TabBar */ = {
			isa = PBXGroup;
			children = (
				93083D262CEB984600A0C392 /* CircleButton.swift */,
				93083D292CEB994500A0C392 /* ViewRouter.swift */,
				93083D2B2CEB995A00A0C392 /* TabBarDimensions.swift */,
				93083D2D2CEB996E00A0C392 /* TabBarIcon.swift */,
			);
			path = TabBar;
			sourceTree = "<group>";
		};
		AD508F3A2CED6E0400CA735C /* Model */ = {
			isa = PBXGroup;
			children = (
				AD508F3B2CED6E4100CA735C /* AuthenticationModel.swift */,
			);
			path = Model;
			sourceTree = "<group>";
		};
		AD9259942CEBDFB000F74E65 /* Authorization */ = {
			isa = PBXGroup;
			children = (
				AD508F3A2CED6E0400CA735C /* Model */,
				AD9259952CEBE00200F74E65 /* SignIn.swift */,
				ADA04A812CEEA7AC0001F7E4 /* NavigationManager.swift */,
				ADA04A832CEEA8340001F7E4 /* MainNavigation.swift */,
				AD92599B2CEC75C600F74E65 /* DefaultButtons.swift */,
				AD9259992CEC749100F74E65 /* SignUp.swift */,
				AD508EFE2CED67FB00CA735C /* ResetPassword.swift */,
				AD508F002CED681D00CA735C /* ChangePassword.swift */,
				AD9259972CEC2A8D00F74E65 /* CustomTextField.swift */,
			);
			path = Authorization;
			sourceTree = "<group>";
		};
		CB199C512CEE4308006D2476 /* Services */ = {
			isa = PBXGroup;
			children = (
				CB199C522CEE4314006D2476 /* NetworkService.swift */,
			);
			path = Services;
			sourceTree = "<group>";
		};
		CB199C542CEE44C8006D2476 /* Models */ = {
			isa = PBXGroup;
			children = (
				CB199C552CEE44CD006D2476 /* EventCategoryModel.swift */,
				CB199C572CEE4674006D2476 /* LocationModel.swift */,
				CB199C592CEE63F0006D2476 /* SearchEventsModel.swift */,
				CB199C5B2CEE6487006D2476 /* SearchEventModel.swift */,
				CB199C612CEE7ACE006D2476 /* EventModel.swift */,
				CB5A4D412CEFD2A6005AD2A9 /* EventsModel.swift */,
				CB199C5D2CEE653E006D2476 /* PlaceModel.swift */,
				CB199C632CEE88D4006D2476 /* Location.swift */,
			);
			path = Models;
			sourceTree = "<group>";
		};
		CB406E182CEFA451007C8F49 /* Explore */ = {
			isa = PBXGroup;
			children = (
				CB406E192CEFA45A007C8F49 /* View */,
			);
			path = Explore;
			sourceTree = "<group>";
		};
		CB406E192CEFA45A007C8F49 /* View */ = {
			isa = PBXGroup;
			children = (
				CB406E1A2CEFA48F007C8F49 /* CardView.swift */,
				CB406E1B2CEFA48F007C8F49 /* CategoryView.swift */,
				CB406E1C2CEFA48F007C8F49 /* ExploreView.swift */,
				CB406E1D2CEFA48F007C8F49 /* HeaderView.swift */,
			);
			path = View;
			sourceTree = "<group>";
		};
		CB743EC12CEB932400E22966 /* App */ = {
			isa = PBXGroup;
			children = (
				93083D0E2CEB924D00A0C392 /* EventHubApp.swift */,
			);
			path = App;
			sourceTree = "<group>";
		};
		CB743EC22CEB934300E22966 /* Resources */ = {
			isa = PBXGroup;
			children = (
				CB743EC32CEB935200E22966 /* Font */,
				93083D122CEB924F00A0C392 /* Assets.xcassets */,
			);
			path = Resources;
			sourceTree = "<group>";
		};
		CB743EC32CEB935200E22966 /* Font */ = {
			isa = PBXGroup;
			children = (
				CB743EC42CEB936700E22966 /* AirbnbCereal_W_Bd.otf */,
				CB743EC52CEB936700E22966 /* AirbnbCereal_W_Bk.otf */,
				CB743EC62CEB936700E22966 /* AirbnbCereal_W_Md.otf */,
				CB743ECB2CEB93AC00E22966 /* Font.swift */,
			);
			path = Font;
			sourceTree = "<group>";
		};
		CBB7F1032CED0AE60065366F /* Storage */ = {
			isa = PBXGroup;
			children = (
				CBB7F1052CED1AC70065366F /* EventHub.xcdatamodeld */,
				CBB7F1062CED1AC70065366F /* Persistence.swift */,
			);
			path = Storage;
			sourceTree = "<group>";
		};
		CBB7F10B2CED1B250065366F /* Extensions */ = {
			isa = PBXGroup;
			children = (
				CBB7F10A2CED1B250065366F /* Font + Ext.swift */,
				793CBF5A2CED1CE100E1B230 /* Date + Ext.swift */,
			);
			path = Extensions;
			sourceTree = "<group>";
		};
		EB65CAFA2CF0BC64006B5AEC /* EventDetailsScreen */ = {
			isa = PBXGroup;
			children = (
				EB65CAFB2CF0BFA4006B5AEC /* EventDetailsScreen.swift */,
				EB65CAFD2CF0BFAA006B5AEC /* Views */,
				EB65CAFE2CF0BFC3006B5AEC /* ShareEventView */,
			);
			path = EventDetailsScreen;
			sourceTree = "<group>";
		};
		EB65CAFD2CF0BFAA006B5AEC /* Views */ = {
			isa = PBXGroup;
			children = (
				EB65CB0D2CF0CC51006B5AEC /* ImageEventDetail.swift */,
				EB65CB052CF0C783006B5AEC /* ActionButtonHeader.swift */,
				EB65CB0B2CF0CAFE006B5AEC /* InfoItem.swift */,
				EB65CB092CF0C88C006B5AEC /* OrganizationNameItem.swift */,
				EB65CB072CF0C7B4006B5AEC /* DefaultLoadImageView.swift */,
				EB65CB0F2CF0E3D5006B5AEC /* PreLoadImageView.swift */,
			);
			path = Views;
			sourceTree = "<group>";
		};
		EB65CAFE2CF0BFC3006B5AEC /* ShareEventView */ = {
			isa = PBXGroup;
			children = (
				EB65CAFF2CF0BFE3006B5AEC /* SharedView.swift */,
				EB65CB012CF0C018006B5AEC /* ActionButtonCancel.swift */,
				EB65CB032CF0C059006B5AEC /* ActionButtonsShareModel.swift */,
			);
			path = ShareEventView;
			sourceTree = "<group>";
		};
		EB8D01E32CECBD41000AB98A /* SplashScreen */ = {
			isa = PBXGroup;
			children = (
				EB8D01E52CECBD7F000AB98A /* SplashScreen.swift */,
			);
			path = SplashScreen;
			sourceTree = "<group>";
		};
		EB8D01E42CECBD49000AB98A /* Onboarding */ = {
			isa = PBXGroup;
			children = (
				EB8D01EA2CECC719000AB98A /* OnboardingScreen.swift */,
				EB8D01EC2CECC71F000AB98A /* Views */,
				EB8D01F82CECDCE0000AB98A /* Model */,
			);
			path = Onboarding;
			sourceTree = "<group>";
		};
		EB8D01E92CECC1B2000AB98A /* View */ = {
			isa = PBXGroup;
			children = (
				EB8D01E72CECBFE8000AB98A /* EllipseView.swift */,
			);
			path = View;
			sourceTree = "<group>";
		};
		EB8D01EC2CECC71F000AB98A /* Views */ = {
			isa = PBXGroup;
			children = (
				EB8D01ED2CECC915000AB98A /* ImagePageView.swift */,
				EB8D01EF2CECC941000AB98A /* TextPageView.swift */,
				EB8D01F12CECC95F000AB98A /* IndicatorPageView.swift */,
				EB8D01F32CECC976000AB98A /* ActionButtonPageView.swift */,
			);
			path = Views;
			sourceTree = "<group>";
		};
		EB8D01F72CECDB48000AB98A /* BackgroundEllipse */ = {
			isa = PBXGroup;
			children = (
				EB8D01F52CECDB42000AB98A /* BackgroundEllipseView.swift */,
				EB8D01E92CECC1B2000AB98A /* View */,
			);
			path = BackgroundEllipse;
			sourceTree = "<group>";
		};
		EB8D01F82CECDCE0000AB98A /* Model */ = {
			isa = PBXGroup;
			children = (
				EB8D01F92CECDD06000AB98A /* OnboardingPageModel.swift */,
			);
			path = Model;
			sourceTree = "<group>";
		};
/* End PBXGroup section */

/* Begin PBXNativeTarget section */
		93083D0A2CEB924D00A0C392 /* EventHub */ = {
			isa = PBXNativeTarget;
			buildConfigurationList = 93083D1E2CEB924F00A0C392 /* Build configuration list for PBXNativeTarget "EventHub" */;
			buildPhases = (
				93083D072CEB924D00A0C392 /* Sources */,
				93083D082CEB924D00A0C392 /* Frameworks */,
				93083D092CEB924D00A0C392 /* Resources */,
			);
			buildRules = (
			);
			dependencies = (
			);
			name = EventHub;
			productName = EventHub;
			productReference = 93083D0B2CEB924D00A0C392 /* EventHub.app */;
			productType = "com.apple.product-type.application";
		};
/* End PBXNativeTarget section */

/* Begin PBXProject section */
		93083D032CEB924D00A0C392 /* Project object */ = {
			isa = PBXProject;
			attributes = {
				BuildIndependentTargetsInParallel = 1;
				LastSwiftUpdateCheck = 1540;
				LastUpgradeCheck = 1540;
				TargetAttributes = {
					93083D0A2CEB924D00A0C392 = {
						CreatedOnToolsVersion = 15.4;
					};
				};
			};
			buildConfigurationList = 93083D062CEB924D00A0C392 /* Build configuration list for PBXProject "EventHub" */;
			compatibilityVersion = "Xcode 13.0";
			developmentRegion = en;
			hasScannedForEncodings = 0;
			knownRegions = (
				en,
				Base,
			);
			mainGroup = 93083D022CEB924D00A0C392;
			packageReferences = (
				AD508F042CED698100CA735C /* XCRemoteSwiftPackageReference "firebase-ios-sdk" */,
				AD508F352CED6AD700CA735C /* XCRemoteSwiftPackageReference "GoogleSignIn-iOS" */,
			);
			productRefGroup = 93083D0C2CEB924D00A0C392 /* Products */;
			projectDirPath = "";
			projectRoot = "";
			targets = (
				93083D0A2CEB924D00A0C392 /* EventHub */,
			);
		};
/* End PBXProject section */

/* Begin PBXResourcesBuildPhase section */
		93083D092CEB924D00A0C392 /* Resources */ = {
			isa = PBXResourcesBuildPhase;
			buildActionMask = 2147483647;
			files = (
				93083D162CEB924F00A0C392 /* Preview Assets.xcassets in Resources */,
				AD508F032CED687D00CA735C /* GoogleService-Info.plist in Resources */,
				93083D132CEB924F00A0C392 /* Assets.xcassets in Resources */,
				CB743EC72CEB936700E22966 /* AirbnbCereal_W_Bk.otf in Resources */,
				CB743EC82CEB936700E22966 /* AirbnbCereal_W_Md.otf in Resources */,
				CB743EC92CEB936700E22966 /* AirbnbCereal_W_Bd.otf in Resources */,
			);
			runOnlyForDeploymentPostprocessing = 0;
		};
/* End PBXResourcesBuildPhase section */

/* Begin PBXSourcesBuildPhase section */
		93083D072CEB924D00A0C392 /* Sources */ = {
			isa = PBXSourcesBuildPhase;
			buildActionMask = 2147483647;
			files = (
				793CBF4C2CED03FE00E1B230 /* EventView.swift in Sources */,
				AD92599A2CEC74A900F74E65 /* SignUp.swift in Sources */,
				CB199C5E2CEE6542006D2476 /* PlaceModel.swift in Sources */,
				AD9259982CEC2A9500F74E65 /* CustomTextField.swift in Sources */,
				EB65CB0C2CF0CAFE006B5AEC /* InfoItem.swift in Sources */,
				AD508EFF2CED680800CA735C /* ResetPassword.swift in Sources */,
				AD508F3C2CED6E4400CA735C /* AuthenticationModel.swift in Sources */,
				AD92599C2CEC75CC00F74E65 /* DefaultButtons.swift in Sources */,
				93083D2A2CEB994500A0C392 /* ViewRouter.swift in Sources */,
				CB199C5A2CEE63FC006D2476 /* SearchEventsModel.swift in Sources */,
				CB406E1E2CEFA48F007C8F49 /* CategoryView.swift in Sources */,
				CB406E1F2CEFA48F007C8F49 /* ExploreView.swift in Sources */,
				CB406E202CEFA48F007C8F49 /* CardView.swift in Sources */,
				CB406E212CEFA48F007C8F49 /* HeaderView.swift in Sources */,
				EB65CAFC2CF0BFA4006B5AEC /* EventDetailsScreen.swift in Sources */,
				EB8D01E62CECBD7F000AB98A /* SplashScreen.swift in Sources */,
				EB8D01E82CECBFE8000AB98A /* EllipseView.swift in Sources */,
				EB8D01EB2CECC719000AB98A /* OnboardingScreen.swift in Sources */,
				93083D112CEB924D00A0C392 /* ContentView.swift in Sources */,
				796256582CEBCEDC0019F6E4 /* ExploreEventsButtonView.swift in Sources */,
				CBB7F1082CED1AC70065366F /* Persistence.swift in Sources */,
				CBB7F1092CED1AC70065366F /* EventHub.xcdatamodeld in Sources */,
				ADA04A842CEEA8460001F7E4 /* MainNavigation.swift in Sources */,
				793CBF512CED0F1C00E1B230 /* EventsScreenViewModel.swift in Sources */,
				EB65CB022CF0C018006B5AEC /* ActionButtonCancel.swift in Sources */,
				793CBF532CED11A500E1B230 /* EmptyEventsView.swift in Sources */,
				93083D2E2CEB996E00A0C392 /* TabBarIcon.swift in Sources */,
				EB8D01EE2CECC915000AB98A /* ImagePageView.swift in Sources */,
				CB199C582CEE467A006D2476 /* LocationModel.swift in Sources */,
				EB65CB0E2CF0CC51006B5AEC /* ImageEventDetail.swift in Sources */,
				EB65CB082CF0C7B4006B5AEC /* DefaultLoadImageView.swift in Sources */,
				CB199C532CEE431C006D2476 /* NetworkService.swift in Sources */,
				EB65CB042CF0C059006B5AEC /* ActionButtonsShareModel.swift in Sources */,
				EB8D01F02CECC941000AB98A /* TextPageView.swift in Sources */,
				CBB7F10C2CED1B250065366F /* Font + Ext.swift in Sources */,
				CB743ECC2CEB93AC00E22966 /* Font.swift in Sources */,
				793CBF5B2CED1CE100E1B230 /* Date + Ext.swift in Sources */,
				93083D272CEB984600A0C392 /* CircleButton.swift in Sources */,
				CB199C562CEE44D2006D2476 /* EventCategoryModel.swift in Sources */,
				CB199C642CEE88D7006D2476 /* Location.swift in Sources */,
				EB65CB002CF0BFE3006B5AEC /* SharedView.swift in Sources */,
				CB5A4D422CEFD2A6005AD2A9 /* EventsModel.swift in Sources */,
				EB8D01F62CECDB42000AB98A /* BackgroundEllipseView.swift in Sources */,
				796256532CEBC5A20019F6E4 /* EventsScreenView.swift in Sources */,
				AD508F012CED682700CA735C /* ChangePassword.swift in Sources */,
				ADA04A822CEEA7B70001F7E4 /* NavigationManager.swift in Sources */,
				EB65CB062CF0C783006B5AEC /* ActionButtonHeader.swift in Sources */,
				EB8D01F42CECC976000AB98A /* ActionButtonPageView.swift in Sources */,
				EB65CB102CF0E3D5006B5AEC /* PreLoadImageView.swift in Sources */,
				EB65CB0A2CF0C88C006B5AEC /* OrganizationNameItem.swift in Sources */,
				CB199C622CEE7AD3006D2476 /* EventModel.swift in Sources */,
				796256562CEBCC240019F6E4 /* ChangeModeButtonsView.swift in Sources */,
				AD9259962CEBE00800F74E65 /* SignIn.swift in Sources */,
				93083D2C2CEB995A00A0C392 /* TabBarDimensions.swift in Sources */,
				EB8D01F22CECC95F000AB98A /* IndicatorPageView.swift in Sources */,
				CB199C5C2CEE648B006D2476 /* SearchEventModel.swift in Sources */,
				93083D0F2CEB924D00A0C392 /* EventHubApp.swift in Sources */,
				EB8D01FA2CECDD06000AB98A /* OnboardingPageModel.swift in Sources */,
			);
			runOnlyForDeploymentPostprocessing = 0;
		};
/* End PBXSourcesBuildPhase section */

/* Begin XCBuildConfiguration section */
		93083D1C2CEB924F00A0C392 /* Debug */ = {
			isa = XCBuildConfiguration;
			buildSettings = {
				ALWAYS_SEARCH_USER_PATHS = NO;
				ASSETCATALOG_COMPILER_GENERATE_SWIFT_ASSET_SYMBOL_EXTENSIONS = YES;
				CLANG_ANALYZER_NONNULL = YES;
				CLANG_ANALYZER_NUMBER_OBJECT_CONVERSION = YES_AGGRESSIVE;
				CLANG_CXX_LANGUAGE_STANDARD = "gnu++20";
				CLANG_ENABLE_MODULES = YES;
				CLANG_ENABLE_OBJC_ARC = YES;
				CLANG_ENABLE_OBJC_WEAK = YES;
				CLANG_WARN_BLOCK_CAPTURE_AUTORELEASING = YES;
				CLANG_WARN_BOOL_CONVERSION = YES;
				CLANG_WARN_COMMA = YES;
				CLANG_WARN_CONSTANT_CONVERSION = YES;
				CLANG_WARN_DEPRECATED_OBJC_IMPLEMENTATIONS = YES;
				CLANG_WARN_DIRECT_OBJC_ISA_USAGE = YES_ERROR;
				CLANG_WARN_DOCUMENTATION_COMMENTS = YES;
				CLANG_WARN_EMPTY_BODY = YES;
				CLANG_WARN_ENUM_CONVERSION = YES;
				CLANG_WARN_INFINITE_RECURSION = YES;
				CLANG_WARN_INT_CONVERSION = YES;
				CLANG_WARN_NON_LITERAL_NULL_CONVERSION = YES;
				CLANG_WARN_OBJC_IMPLICIT_RETAIN_SELF = YES;
				CLANG_WARN_OBJC_LITERAL_CONVERSION = YES;
				CLANG_WARN_OBJC_ROOT_CLASS = YES_ERROR;
				CLANG_WARN_QUOTED_INCLUDE_IN_FRAMEWORK_HEADER = YES;
				CLANG_WARN_RANGE_LOOP_ANALYSIS = YES;
				CLANG_WARN_STRICT_PROTOTYPES = YES;
				CLANG_WARN_SUSPICIOUS_MOVE = YES;
				CLANG_WARN_UNGUARDED_AVAILABILITY = YES_AGGRESSIVE;
				CLANG_WARN_UNREACHABLE_CODE = YES;
				CLANG_WARN__DUPLICATE_METHOD_MATCH = YES;
				COPY_PHASE_STRIP = NO;
				DEBUG_INFORMATION_FORMAT = dwarf;
				ENABLE_STRICT_OBJC_MSGSEND = YES;
				ENABLE_TESTABILITY = YES;
				ENABLE_USER_SCRIPT_SANDBOXING = YES;
				GCC_C_LANGUAGE_STANDARD = gnu17;
				GCC_DYNAMIC_NO_PIC = NO;
				GCC_NO_COMMON_BLOCKS = YES;
				GCC_OPTIMIZATION_LEVEL = 0;
				GCC_PREPROCESSOR_DEFINITIONS = (
					"DEBUG=1",
					"$(inherited)",
				);
				GCC_WARN_64_TO_32_BIT_CONVERSION = YES;
				GCC_WARN_ABOUT_RETURN_TYPE = YES_ERROR;
				GCC_WARN_UNDECLARED_SELECTOR = YES;
				GCC_WARN_UNINITIALIZED_AUTOS = YES_AGGRESSIVE;
				GCC_WARN_UNUSED_FUNCTION = YES;
				GCC_WARN_UNUSED_VARIABLE = YES;
				IPHONEOS_DEPLOYMENT_TARGET = 17.5;
				LOCALIZATION_PREFERS_STRING_CATALOGS = YES;
				MTL_ENABLE_DEBUG_INFO = INCLUDE_SOURCE;
				MTL_FAST_MATH = YES;
				ONLY_ACTIVE_ARCH = YES;
				SDKROOT = iphoneos;
				SWIFT_ACTIVE_COMPILATION_CONDITIONS = "DEBUG $(inherited)";
				SWIFT_OPTIMIZATION_LEVEL = "-Onone";
			};
			name = Debug;
		};
		93083D1D2CEB924F00A0C392 /* Release */ = {
			isa = XCBuildConfiguration;
			buildSettings = {
				ALWAYS_SEARCH_USER_PATHS = NO;
				ASSETCATALOG_COMPILER_GENERATE_SWIFT_ASSET_SYMBOL_EXTENSIONS = YES;
				CLANG_ANALYZER_NONNULL = YES;
				CLANG_ANALYZER_NUMBER_OBJECT_CONVERSION = YES_AGGRESSIVE;
				CLANG_CXX_LANGUAGE_STANDARD = "gnu++20";
				CLANG_ENABLE_MODULES = YES;
				CLANG_ENABLE_OBJC_ARC = YES;
				CLANG_ENABLE_OBJC_WEAK = YES;
				CLANG_WARN_BLOCK_CAPTURE_AUTORELEASING = YES;
				CLANG_WARN_BOOL_CONVERSION = YES;
				CLANG_WARN_COMMA = YES;
				CLANG_WARN_CONSTANT_CONVERSION = YES;
				CLANG_WARN_DEPRECATED_OBJC_IMPLEMENTATIONS = YES;
				CLANG_WARN_DIRECT_OBJC_ISA_USAGE = YES_ERROR;
				CLANG_WARN_DOCUMENTATION_COMMENTS = YES;
				CLANG_WARN_EMPTY_BODY = YES;
				CLANG_WARN_ENUM_CONVERSION = YES;
				CLANG_WARN_INFINITE_RECURSION = YES;
				CLANG_WARN_INT_CONVERSION = YES;
				CLANG_WARN_NON_LITERAL_NULL_CONVERSION = YES;
				CLANG_WARN_OBJC_IMPLICIT_RETAIN_SELF = YES;
				CLANG_WARN_OBJC_LITERAL_CONVERSION = YES;
				CLANG_WARN_OBJC_ROOT_CLASS = YES_ERROR;
				CLANG_WARN_QUOTED_INCLUDE_IN_FRAMEWORK_HEADER = YES;
				CLANG_WARN_RANGE_LOOP_ANALYSIS = YES;
				CLANG_WARN_STRICT_PROTOTYPES = YES;
				CLANG_WARN_SUSPICIOUS_MOVE = YES;
				CLANG_WARN_UNGUARDED_AVAILABILITY = YES_AGGRESSIVE;
				CLANG_WARN_UNREACHABLE_CODE = YES;
				CLANG_WARN__DUPLICATE_METHOD_MATCH = YES;
				COPY_PHASE_STRIP = NO;
				DEBUG_INFORMATION_FORMAT = "dwarf-with-dsym";
				ENABLE_NS_ASSERTIONS = NO;
				ENABLE_STRICT_OBJC_MSGSEND = YES;
				ENABLE_USER_SCRIPT_SANDBOXING = YES;
				GCC_C_LANGUAGE_STANDARD = gnu17;
				GCC_NO_COMMON_BLOCKS = YES;
				GCC_WARN_64_TO_32_BIT_CONVERSION = YES;
				GCC_WARN_ABOUT_RETURN_TYPE = YES_ERROR;
				GCC_WARN_UNDECLARED_SELECTOR = YES;
				GCC_WARN_UNINITIALIZED_AUTOS = YES_AGGRESSIVE;
				GCC_WARN_UNUSED_FUNCTION = YES;
				GCC_WARN_UNUSED_VARIABLE = YES;
				IPHONEOS_DEPLOYMENT_TARGET = 17.5;
				LOCALIZATION_PREFERS_STRING_CATALOGS = YES;
				MTL_ENABLE_DEBUG_INFO = NO;
				MTL_FAST_MATH = YES;
				SDKROOT = iphoneos;
				SWIFT_COMPILATION_MODE = wholemodule;
				VALIDATE_PRODUCT = YES;
			};
			name = Release;
		};
		93083D1F2CEB924F00A0C392 /* Debug */ = {
			isa = XCBuildConfiguration;
			buildSettings = {
				ASSETCATALOG_COMPILER_APPICON_NAME = AppIcon;
				ASSETCATALOG_COMPILER_GLOBAL_ACCENT_COLOR_NAME = AccentColor;
				CODE_SIGN_IDENTITY = "Apple Development";
				CODE_SIGN_STYLE = Automatic;
				CURRENT_PROJECT_VERSION = 1;
				DEVELOPMENT_ASSET_PATHS = "\"EventHub/Preview Content\"";
				DEVELOPMENT_TEAM = GNN7DQ637Y;
				ENABLE_PREVIEWS = YES;
				GENERATE_INFOPLIST_FILE = YES;
				INFOPLIST_FILE = EventHub/Info.plist;
				INFOPLIST_KEY_UIApplicationSceneManifest_Generation = YES;
				INFOPLIST_KEY_UIApplicationSupportsIndirectInputEvents = YES;
				INFOPLIST_KEY_UILaunchScreen_Generation = YES;
				INFOPLIST_KEY_UISupportedInterfaceOrientations = UIInterfaceOrientationPortrait;
				INFOPLIST_KEY_UISupportedInterfaceOrientations_iPad = "UIInterfaceOrientationLandscapeLeft UIInterfaceOrientationLandscapeRight UIInterfaceOrientationPortrait UIInterfaceOrientationPortraitUpsideDown";
				IPHONEOS_DEPLOYMENT_TARGET = 16;
				LD_RUNPATH_SEARCH_PATHS = (
					"$(inherited)",
					"@executable_path/Frameworks",
				);
				MARKETING_VERSION = 1.0;
				PRODUCT_BUNDLE_IDENTIFIER = ru.devrush.EventHub;
				PRODUCT_NAME = "$(TARGET_NAME)";
				PROVISIONING_PROFILE_SPECIFIER = "";
				SUPPORTED_PLATFORMS = "iphoneos iphonesimulator";
				SUPPORTS_MACCATALYST = NO;
				SUPPORTS_MAC_DESIGNED_FOR_IPHONE_IPAD = NO;
				SUPPORTS_XR_DESIGNED_FOR_IPHONE_IPAD = NO;
				SWIFT_EMIT_LOC_STRINGS = YES;
				SWIFT_VERSION = 5.0;
				TARGETED_DEVICE_FAMILY = 1;
			};
			name = Debug;
		};
		93083D202CEB924F00A0C392 /* Release */ = {
			isa = XCBuildConfiguration;
			buildSettings = {
				ASSETCATALOG_COMPILER_APPICON_NAME = AppIcon;
				ASSETCATALOG_COMPILER_GLOBAL_ACCENT_COLOR_NAME = AccentColor;
				CODE_SIGN_IDENTITY = "Apple Development";
				CODE_SIGN_STYLE = Automatic;
				CURRENT_PROJECT_VERSION = 1;
				DEVELOPMENT_ASSET_PATHS = "\"EventHub/Preview Content\"";
				DEVELOPMENT_TEAM = GNN7DQ637Y;
				ENABLE_PREVIEWS = YES;
				GENERATE_INFOPLIST_FILE = YES;
				INFOPLIST_FILE = EventHub/Info.plist;
				INFOPLIST_KEY_UIApplicationSceneManifest_Generation = YES;
				INFOPLIST_KEY_UIApplicationSupportsIndirectInputEvents = YES;
				INFOPLIST_KEY_UILaunchScreen_Generation = YES;
				INFOPLIST_KEY_UISupportedInterfaceOrientations = UIInterfaceOrientationPortrait;
				INFOPLIST_KEY_UISupportedInterfaceOrientations_iPad = "UIInterfaceOrientationLandscapeLeft UIInterfaceOrientationLandscapeRight UIInterfaceOrientationPortrait UIInterfaceOrientationPortraitUpsideDown";
				IPHONEOS_DEPLOYMENT_TARGET = 16;
				LD_RUNPATH_SEARCH_PATHS = (
					"$(inherited)",
					"@executable_path/Frameworks",
				);
				MARKETING_VERSION = 1.0;
				PRODUCT_BUNDLE_IDENTIFIER = ru.devrush.EventHub;
				PRODUCT_NAME = "$(TARGET_NAME)";
				PROVISIONING_PROFILE_SPECIFIER = "";
				SUPPORTED_PLATFORMS = "iphoneos iphonesimulator";
				SUPPORTS_MACCATALYST = NO;
				SUPPORTS_MAC_DESIGNED_FOR_IPHONE_IPAD = NO;
				SUPPORTS_XR_DESIGNED_FOR_IPHONE_IPAD = NO;
				SWIFT_EMIT_LOC_STRINGS = YES;
				SWIFT_VERSION = 5.0;
				TARGETED_DEVICE_FAMILY = 1;
			};
			name = Release;
		};
/* End XCBuildConfiguration section */

/* Begin XCConfigurationList section */
		93083D062CEB924D00A0C392 /* Build configuration list for PBXProject "EventHub" */ = {
			isa = XCConfigurationList;
			buildConfigurations = (
				93083D1C2CEB924F00A0C392 /* Debug */,
				93083D1D2CEB924F00A0C392 /* Release */,
			);
			defaultConfigurationIsVisible = 0;
			defaultConfigurationName = Release;
		};
		93083D1E2CEB924F00A0C392 /* Build configuration list for PBXNativeTarget "EventHub" */ = {
			isa = XCConfigurationList;
			buildConfigurations = (
				93083D1F2CEB924F00A0C392 /* Debug */,
				93083D202CEB924F00A0C392 /* Release */,
			);
			defaultConfigurationIsVisible = 0;
			defaultConfigurationName = Release;
		};
/* End XCConfigurationList section */

/* Begin XCRemoteSwiftPackageReference section */
		AD508F042CED698100CA735C /* XCRemoteSwiftPackageReference "firebase-ios-sdk" */ = {
			isa = XCRemoteSwiftPackageReference;
			repositoryURL = "https://github.com/firebase/firebase-ios-sdk.git";
			requirement = {
				kind = upToNextMajorVersion;
				minimumVersion = 11.5.0;
			};
		};
		AD508F352CED6AD700CA735C /* XCRemoteSwiftPackageReference "GoogleSignIn-iOS" */ = {
			isa = XCRemoteSwiftPackageReference;
			repositoryURL = "https://github.com/google/GoogleSignIn-iOS.git";
			requirement = {
				kind = upToNextMajorVersion;
				minimumVersion = 8.0.0;
			};
		};
/* End XCRemoteSwiftPackageReference section */

/* Begin XCSwiftPackageProductDependency section */
		AD508F052CED698100CA735C /* FirebaseAnalytics */ = {
			isa = XCSwiftPackageProductDependency;
			package = AD508F042CED698100CA735C /* XCRemoteSwiftPackageReference "firebase-ios-sdk" */;
			productName = FirebaseAnalytics;
		};
		AD508F072CED698100CA735C /* FirebaseAnalyticsOnDeviceConversion */ = {
			isa = XCSwiftPackageProductDependency;
			package = AD508F042CED698100CA735C /* XCRemoteSwiftPackageReference "firebase-ios-sdk" */;
			productName = FirebaseAnalyticsOnDeviceConversion;
		};
		AD508F092CED698100CA735C /* FirebaseAnalyticsWithoutAdIdSupport */ = {
			isa = XCSwiftPackageProductDependency;
			package = AD508F042CED698100CA735C /* XCRemoteSwiftPackageReference "firebase-ios-sdk" */;
			productName = FirebaseAnalyticsWithoutAdIdSupport;
		};
		AD508F0B2CED698100CA735C /* FirebaseAppCheck */ = {
			isa = XCSwiftPackageProductDependency;
			package = AD508F042CED698100CA735C /* XCRemoteSwiftPackageReference "firebase-ios-sdk" */;
			productName = FirebaseAppCheck;
		};
		AD508F0D2CED698100CA735C /* FirebaseAppDistribution-Beta */ = {
			isa = XCSwiftPackageProductDependency;
			package = AD508F042CED698100CA735C /* XCRemoteSwiftPackageReference "firebase-ios-sdk" */;
			productName = "FirebaseAppDistribution-Beta";
		};
		AD508F0F2CED698100CA735C /* FirebaseAuth */ = {
			isa = XCSwiftPackageProductDependency;
			package = AD508F042CED698100CA735C /* XCRemoteSwiftPackageReference "firebase-ios-sdk" */;
			productName = FirebaseAuth;
		};
		AD508F112CED698100CA735C /* FirebaseAuthCombine-Community */ = {
			isa = XCSwiftPackageProductDependency;
			package = AD508F042CED698100CA735C /* XCRemoteSwiftPackageReference "firebase-ios-sdk" */;
			productName = "FirebaseAuthCombine-Community";
		};
		AD508F132CED698100CA735C /* FirebaseCore */ = {
			isa = XCSwiftPackageProductDependency;
			package = AD508F042CED698100CA735C /* XCRemoteSwiftPackageReference "firebase-ios-sdk" */;
			productName = FirebaseCore;
		};
		AD508F152CED698100CA735C /* FirebaseCrashlytics */ = {
			isa = XCSwiftPackageProductDependency;
			package = AD508F042CED698100CA735C /* XCRemoteSwiftPackageReference "firebase-ios-sdk" */;
			productName = FirebaseCrashlytics;
		};
		AD508F172CED698100CA735C /* FirebaseDatabase */ = {
			isa = XCSwiftPackageProductDependency;
			package = AD508F042CED698100CA735C /* XCRemoteSwiftPackageReference "firebase-ios-sdk" */;
			productName = FirebaseDatabase;
		};
		AD508F192CED698100CA735C /* FirebaseDynamicLinks */ = {
			isa = XCSwiftPackageProductDependency;
			package = AD508F042CED698100CA735C /* XCRemoteSwiftPackageReference "firebase-ios-sdk" */;
			productName = FirebaseDynamicLinks;
		};
		AD508F1B2CED698100CA735C /* FirebaseFirestore */ = {
			isa = XCSwiftPackageProductDependency;
			package = AD508F042CED698100CA735C /* XCRemoteSwiftPackageReference "firebase-ios-sdk" */;
			productName = FirebaseFirestore;
		};
		AD508F1D2CED698100CA735C /* FirebaseFirestoreCombine-Community */ = {
			isa = XCSwiftPackageProductDependency;
			package = AD508F042CED698100CA735C /* XCRemoteSwiftPackageReference "firebase-ios-sdk" */;
			productName = "FirebaseFirestoreCombine-Community";
		};
		AD508F1F2CED698100CA735C /* FirebaseFunctions */ = {
			isa = XCSwiftPackageProductDependency;
			package = AD508F042CED698100CA735C /* XCRemoteSwiftPackageReference "firebase-ios-sdk" */;
			productName = FirebaseFunctions;
		};
		AD508F212CED698100CA735C /* FirebaseFunctionsCombine-Community */ = {
			isa = XCSwiftPackageProductDependency;
			package = AD508F042CED698100CA735C /* XCRemoteSwiftPackageReference "firebase-ios-sdk" */;
			productName = "FirebaseFunctionsCombine-Community";
		};
		AD508F232CED698100CA735C /* FirebaseInAppMessaging-Beta */ = {
			isa = XCSwiftPackageProductDependency;
			package = AD508F042CED698100CA735C /* XCRemoteSwiftPackageReference "firebase-ios-sdk" */;
			productName = "FirebaseInAppMessaging-Beta";
		};
		AD508F252CED698100CA735C /* FirebaseInstallations */ = {
			isa = XCSwiftPackageProductDependency;
			package = AD508F042CED698100CA735C /* XCRemoteSwiftPackageReference "firebase-ios-sdk" */;
			productName = FirebaseInstallations;
		};
		AD508F272CED698100CA735C /* FirebaseMLModelDownloader */ = {
			isa = XCSwiftPackageProductDependency;
			package = AD508F042CED698100CA735C /* XCRemoteSwiftPackageReference "firebase-ios-sdk" */;
			productName = FirebaseMLModelDownloader;
		};
		AD508F292CED698100CA735C /* FirebaseMessaging */ = {
			isa = XCSwiftPackageProductDependency;
			package = AD508F042CED698100CA735C /* XCRemoteSwiftPackageReference "firebase-ios-sdk" */;
			productName = FirebaseMessaging;
		};
		AD508F2B2CED698100CA735C /* FirebasePerformance */ = {
			isa = XCSwiftPackageProductDependency;
			package = AD508F042CED698100CA735C /* XCRemoteSwiftPackageReference "firebase-ios-sdk" */;
			productName = FirebasePerformance;
		};
		AD508F2D2CED698100CA735C /* FirebaseRemoteConfig */ = {
			isa = XCSwiftPackageProductDependency;
			package = AD508F042CED698100CA735C /* XCRemoteSwiftPackageReference "firebase-ios-sdk" */;
			productName = FirebaseRemoteConfig;
		};
		AD508F2F2CED698100CA735C /* FirebaseStorage */ = {
			isa = XCSwiftPackageProductDependency;
			package = AD508F042CED698100CA735C /* XCRemoteSwiftPackageReference "firebase-ios-sdk" */;
			productName = FirebaseStorage;
		};
		AD508F312CED698100CA735C /* FirebaseStorageCombine-Community */ = {
			isa = XCSwiftPackageProductDependency;
			package = AD508F042CED698100CA735C /* XCRemoteSwiftPackageReference "firebase-ios-sdk" */;
			productName = "FirebaseStorageCombine-Community";
		};
		AD508F332CED698100CA735C /* FirebaseVertexAI */ = {
			isa = XCSwiftPackageProductDependency;
			package = AD508F042CED698100CA735C /* XCRemoteSwiftPackageReference "firebase-ios-sdk" */;
			productName = FirebaseVertexAI;
		};
		AD508F362CED6AD700CA735C /* GoogleSignIn */ = {
			isa = XCSwiftPackageProductDependency;
			package = AD508F352CED6AD700CA735C /* XCRemoteSwiftPackageReference "GoogleSignIn-iOS" */;
			productName = GoogleSignIn;
		};
		AD508F382CED6AD700CA735C /* GoogleSignInSwift */ = {
			isa = XCSwiftPackageProductDependency;
			package = AD508F352CED6AD700CA735C /* XCRemoteSwiftPackageReference "GoogleSignIn-iOS" */;
			productName = GoogleSignInSwift;
		};
/* End XCSwiftPackageProductDependency section */

/* Begin XCVersionGroup section */
		CBB7F1052CED1AC70065366F /* EventHub.xcdatamodeld */ = {
			isa = XCVersionGroup;
			children = (
				CBB7F1072CED1AC70065366F /* EventHub.xcdatamodel */,
			);
			currentVersion = CBB7F1072CED1AC70065366F /* EventHub.xcdatamodel */;
			path = EventHub.xcdatamodeld;
			sourceTree = "<group>";
			versionGroupType = wrapper.xcdatamodel;
		};
/* End XCVersionGroup section */
	};
	rootObject = 93083D032CEB924D00A0C392 /* Project object */;
}
