// !$*UTF8*$!
{
	archiveVersion = 1;
	classes = {
	};
	objectVersion = 55;
	objects = {

/* Begin PBXBuildFile section */
		793CBF4C2CED03FE00E1B230 /* EventView.swift in Sources */ = {isa = PBXBuildFile; fileRef = 793CBF4B2CED03FE00E1B230 /* EventView.swift */; };
		793CBF4E2CED067000E1B230 /* Date + Ext.swift in Sources */ = {isa = PBXBuildFile; fileRef = 793CBF4D2CED067000E1B230 /* Date + Ext.swift */; };
		793CBF512CED0F1C00E1B230 /* EventsScreenViewModel.swift in Sources */ = {isa = PBXBuildFile; fileRef = 793CBF502CED0F1C00E1B230 /* EventsScreenViewModel.swift */; };
		793CBF532CED11A500E1B230 /* EmptyEventsView.swift in Sources */ = {isa = PBXBuildFile; fileRef = 793CBF522CED11A500E1B230 /* EmptyEventsView.swift */; };
		796256532CEBC5A20019F6E4 /* EventsScreenView.swift in Sources */ = {isa = PBXBuildFile; fileRef = 796256522CEBC5A20019F6E4 /* EventsScreenView.swift */; };
		796256562CEBCC240019F6E4 /* ChangeModeButtonsView.swift in Sources */ = {isa = PBXBuildFile; fileRef = 796256552CEBCC240019F6E4 /* ChangeModeButtonsView.swift */; };
		796256582CEBCEDC0019F6E4 /* ExploreEventsButtonView.swift in Sources */ = {isa = PBXBuildFile; fileRef = 796256572CEBCEDC0019F6E4 /* ExploreEventsButtonView.swift */; };
		7962565B2CEBD68A0019F6E4 /* Font + Ext.swift in Sources */ = {isa = PBXBuildFile; fileRef = 7962565A2CEBD68A0019F6E4 /* Font + Ext.swift */; };
		93083D0F2CEB924D00A0C392 /* EventHubApp.swift in Sources */ = {isa = PBXBuildFile; fileRef = 93083D0E2CEB924D00A0C392 /* EventHubApp.swift */; };
		93083D112CEB924D00A0C392 /* ContentView.swift in Sources */ = {isa = PBXBuildFile; fileRef = 93083D102CEB924D00A0C392 /* ContentView.swift */; };
		93083D132CEB924F00A0C392 /* Assets.xcassets in Resources */ = {isa = PBXBuildFile; fileRef = 93083D122CEB924F00A0C392 /* Assets.xcassets */; };
		93083D162CEB924F00A0C392 /* Preview Assets.xcassets in Resources */ = {isa = PBXBuildFile; fileRef = 93083D152CEB924F00A0C392 /* Preview Assets.xcassets */; };
		93083D182CEB924F00A0C392 /* Persistence.swift in Sources */ = {isa = PBXBuildFile; fileRef = 93083D172CEB924F00A0C392 /* Persistence.swift */; };
		93083D1B2CEB924F00A0C392 /* EventHub.xcdatamodeld in Sources */ = {isa = PBXBuildFile; fileRef = 93083D192CEB924F00A0C392 /* EventHub.xcdatamodeld */; };
		93083D272CEB984600A0C392 /* CircleButton.swift in Sources */ = {isa = PBXBuildFile; fileRef = 93083D262CEB984600A0C392 /* CircleButton.swift */; };
		93083D2A2CEB994500A0C392 /* ViewRouter.swift in Sources */ = {isa = PBXBuildFile; fileRef = 93083D292CEB994500A0C392 /* ViewRouter.swift */; };
		93083D2C2CEB995A00A0C392 /* TabBarDimensions.swift in Sources */ = {isa = PBXBuildFile; fileRef = 93083D2B2CEB995A00A0C392 /* TabBarDimensions.swift */; };
		93083D2E2CEB996E00A0C392 /* TabBarIcon.swift in Sources */ = {isa = PBXBuildFile; fileRef = 93083D2D2CEB996E00A0C392 /* TabBarIcon.swift */; };
		CB743EC72CEB936700E22966 /* AirbnbCereal_W_Bk.otf in Resources */ = {isa = PBXBuildFile; fileRef = CB743EC52CEB936700E22966 /* AirbnbCereal_W_Bk.otf */; };
		CB743EC82CEB936700E22966 /* AirbnbCereal_W_Md.otf in Resources */ = {isa = PBXBuildFile; fileRef = CB743EC62CEB936700E22966 /* AirbnbCereal_W_Md.otf */; };
		CB743EC92CEB936700E22966 /* AirbnbCereal_W_Bd.otf in Resources */ = {isa = PBXBuildFile; fileRef = CB743EC42CEB936700E22966 /* AirbnbCereal_W_Bd.otf */; };
		CB743ECC2CEB93AC00E22966 /* Font.swift in Sources */ = {isa = PBXBuildFile; fileRef = CB743ECB2CEB93AC00E22966 /* Font.swift */; };
/* End PBXBuildFile section */

/* Begin PBXFileReference section */
		793CBF4B2CED03FE00E1B230 /* EventView.swift */ = {isa = PBXFileReference; lastKnownFileType = sourcecode.swift; path = EventView.swift; sourceTree = "<group>"; };
		793CBF4D2CED067000E1B230 /* Date + Ext.swift */ = {isa = PBXFileReference; lastKnownFileType = sourcecode.swift; path = "Date + Ext.swift"; sourceTree = "<group>"; };
		793CBF502CED0F1C00E1B230 /* EventsScreenViewModel.swift */ = {isa = PBXFileReference; lastKnownFileType = sourcecode.swift; path = EventsScreenViewModel.swift; sourceTree = "<group>"; };
		793CBF522CED11A500E1B230 /* EmptyEventsView.swift */ = {isa = PBXFileReference; lastKnownFileType = sourcecode.swift; path = EmptyEventsView.swift; sourceTree = "<group>"; };
		796256522CEBC5A20019F6E4 /* EventsScreenView.swift */ = {isa = PBXFileReference; lastKnownFileType = sourcecode.swift; path = EventsScreenView.swift; sourceTree = "<group>"; };
		796256552CEBCC240019F6E4 /* ChangeModeButtonsView.swift */ = {isa = PBXFileReference; lastKnownFileType = sourcecode.swift; path = ChangeModeButtonsView.swift; sourceTree = "<group>"; };
		796256572CEBCEDC0019F6E4 /* ExploreEventsButtonView.swift */ = {isa = PBXFileReference; lastKnownFileType = sourcecode.swift; path = ExploreEventsButtonView.swift; sourceTree = "<group>"; };
		7962565A2CEBD68A0019F6E4 /* Font + Ext.swift */ = {isa = PBXFileReference; lastKnownFileType = sourcecode.swift; path = "Font + Ext.swift"; sourceTree = "<group>"; };
		93083D0B2CEB924D00A0C392 /* EventHub.app */ = {isa = PBXFileReference; explicitFileType = wrapper.application; includeInIndex = 0; path = EventHub.app; sourceTree = BUILT_PRODUCTS_DIR; };
		93083D0E2CEB924D00A0C392 /* EventHubApp.swift */ = {isa = PBXFileReference; lastKnownFileType = sourcecode.swift; path = EventHubApp.swift; sourceTree = "<group>"; };
		93083D102CEB924D00A0C392 /* ContentView.swift */ = {isa = PBXFileReference; lastKnownFileType = sourcecode.swift; path = ContentView.swift; sourceTree = "<group>"; };
		93083D122CEB924F00A0C392 /* Assets.xcassets */ = {isa = PBXFileReference; lastKnownFileType = folder.assetcatalog; path = Assets.xcassets; sourceTree = "<group>"; };
		93083D152CEB924F00A0C392 /* Preview Assets.xcassets */ = {isa = PBXFileReference; lastKnownFileType = folder.assetcatalog; path = "Preview Assets.xcassets"; sourceTree = "<group>"; };
		93083D172CEB924F00A0C392 /* Persistence.swift */ = {isa = PBXFileReference; lastKnownFileType = sourcecode.swift; path = Persistence.swift; sourceTree = "<group>"; };
		93083D1A2CEB924F00A0C392 /* EventHub.xcdatamodel */ = {isa = PBXFileReference; lastKnownFileType = wrapper.xcdatamodel; path = EventHub.xcdatamodel; sourceTree = "<group>"; };
		93083D262CEB984600A0C392 /* CircleButton.swift */ = {isa = PBXFileReference; lastKnownFileType = sourcecode.swift; path = CircleButton.swift; sourceTree = "<group>"; };
		93083D292CEB994500A0C392 /* ViewRouter.swift */ = {isa = PBXFileReference; lastKnownFileType = sourcecode.swift; path = ViewRouter.swift; sourceTree = "<group>"; };
		93083D2B2CEB995A00A0C392 /* TabBarDimensions.swift */ = {isa = PBXFileReference; lastKnownFileType = sourcecode.swift; path = TabBarDimensions.swift; sourceTree = "<group>"; };
		93083D2D2CEB996E00A0C392 /* TabBarIcon.swift */ = {isa = PBXFileReference; lastKnownFileType = sourcecode.swift; path = TabBarIcon.swift; sourceTree = "<group>"; };
		CB743EC42CEB936700E22966 /* AirbnbCereal_W_Bd.otf */ = {isa = PBXFileReference; lastKnownFileType = file; path = AirbnbCereal_W_Bd.otf; sourceTree = "<group>"; };
		CB743EC52CEB936700E22966 /* AirbnbCereal_W_Bk.otf */ = {isa = PBXFileReference; lastKnownFileType = file; path = AirbnbCereal_W_Bk.otf; sourceTree = "<group>"; };
		CB743EC62CEB936700E22966 /* AirbnbCereal_W_Md.otf */ = {isa = PBXFileReference; lastKnownFileType = file; path = AirbnbCereal_W_Md.otf; sourceTree = "<group>"; };
		CB743ECA2CEB938200E22966 /* Info.plist */ = {isa = PBXFileReference; lastKnownFileType = text.plist; path = Info.plist; sourceTree = "<group>"; };
		CB743ECB2CEB93AC00E22966 /* Font.swift */ = {isa = PBXFileReference; lastKnownFileType = sourcecode.swift; path = Font.swift; sourceTree = "<group>"; };
/* End PBXFileReference section */

/* Begin PBXFrameworksBuildPhase section */
		93083D082CEB924D00A0C392 /* Frameworks */ = {
			isa = PBXFrameworksBuildPhase;
			buildActionMask = 2147483647;
			files = (
			);
			runOnlyForDeploymentPostprocessing = 0;
		};
/* End PBXFrameworksBuildPhase section */

/* Begin PBXGroup section */
		793CBF4F2CED0F0800E1B230 /* Model */ = {
			isa = PBXGroup;
			children = (
				793CBF502CED0F1C00E1B230 /* EventsScreenViewModel.swift */,
			);
			path = Model;
			sourceTree = "<group>";
		};
		796256502CEBC5820019F6E4 /* Screens */ = {
			isa = PBXGroup;
			children = (
				793CBF4F2CED0F0800E1B230 /* Model */,
				796256512CEBC58C0019F6E4 /* EventsScreen */,
			);
			path = Screens;
			sourceTree = "<group>";
		};
		796256512CEBC58C0019F6E4 /* EventsScreen */ = {
			isa = PBXGroup;
			children = (
				796256542CEBCC070019F6E4 /* Views */,
				796256522CEBC5A20019F6E4 /* EventsScreenView.swift */,
			);
			path = EventsScreen;
			sourceTree = "<group>";
		};
		796256542CEBCC070019F6E4 /* Views */ = {
			isa = PBXGroup;
			children = (
				796256552CEBCC240019F6E4 /* ChangeModeButtonsView.swift */,
				796256572CEBCEDC0019F6E4 /* ExploreEventsButtonView.swift */,
				793CBF4B2CED03FE00E1B230 /* EventView.swift */,
				793CBF522CED11A500E1B230 /* EmptyEventsView.swift */,
			);
			path = Views;
			sourceTree = "<group>";
		};
		796256592CEBD6760019F6E4 /* Extensions */ = {
			isa = PBXGroup;
			children = (
				7962565A2CEBD68A0019F6E4 /* Font + Ext.swift */,
				793CBF4D2CED067000E1B230 /* Date + Ext.swift */,
			);
			path = Extensions;
			sourceTree = "<group>";
		};
		93083D022CEB924D00A0C392 = {
			isa = PBXGroup;
			children = (
				796256592CEBD6760019F6E4 /* Extensions */,
				93083D0D2CEB924D00A0C392 /* EventHub */,
				93083D0C2CEB924D00A0C392 /* Products */,
			);
			sourceTree = "<group>";
		};
		93083D0C2CEB924D00A0C392 /* Products */ = {
			isa = PBXGroup;
			children = (
				93083D0B2CEB924D00A0C392 /* EventHub.app */,
			);
			name = Products;
			sourceTree = "<group>";
		};
		93083D0D2CEB924D00A0C392 /* EventHub */ = {
			isa = PBXGroup;
			children = (
				796256502CEBC5820019F6E4 /* Screens */,
				CB743ECA2CEB938200E22966 /* Info.plist */,
				CB743EC12CEB932400E22966 /* App */,
				93083D102CEB924D00A0C392 /* ContentView.swift */,
				93083D282CEB991A00A0C392 /* TabBar */,
				CB743EC22CEB934300E22966 /* Resources */,
				93083D172CEB924F00A0C392 /* Persistence.swift */,
				93083D192CEB924F00A0C392 /* EventHub.xcdatamodeld */,
				93083D142CEB924F00A0C392 /* Preview Content */,
			);
			path = EventHub;
			sourceTree = "<group>";
		};
		93083D142CEB924F00A0C392 /* Preview Content */ = {
			isa = PBXGroup;
			children = (
				93083D152CEB924F00A0C392 /* Preview Assets.xcassets */,
			);
			path = "Preview Content";
			sourceTree = "<group>";
		};
		93083D282CEB991A00A0C392 /* TabBar */ = {
			isa = PBXGroup;
			children = (
				93083D262CEB984600A0C392 /* CircleButton.swift */,
				93083D292CEB994500A0C392 /* ViewRouter.swift */,
				93083D2B2CEB995A00A0C392 /* TabBarDimensions.swift */,
				93083D2D2CEB996E00A0C392 /* TabBarIcon.swift */,
			);
			path = TabBar;
			sourceTree = "<group>";
		};
		CB743EC12CEB932400E22966 /* App */ = {
			isa = PBXGroup;
			children = (
				93083D0E2CEB924D00A0C392 /* EventHubApp.swift */,
			);
			path = App;
			sourceTree = "<group>";
		};
		CB743EC22CEB934300E22966 /* Resources */ = {
			isa = PBXGroup;
			children = (
				CB743EC32CEB935200E22966 /* Font */,
				93083D122CEB924F00A0C392 /* Assets.xcassets */,
			);
			path = Resources;
			sourceTree = "<group>";
		};
		CB743EC32CEB935200E22966 /* Font */ = {
			isa = PBXGroup;
			children = (
				CB743EC42CEB936700E22966 /* AirbnbCereal_W_Bd.otf */,
				CB743EC52CEB936700E22966 /* AirbnbCereal_W_Bk.otf */,
				CB743EC62CEB936700E22966 /* AirbnbCereal_W_Md.otf */,
				CB743ECB2CEB93AC00E22966 /* Font.swift */,
			);
			path = Font;
			sourceTree = "<group>";
		};
/* End PBXGroup section */

/* Begin PBXNativeTarget section */
		93083D0A2CEB924D00A0C392 /* EventHub */ = {
			isa = PBXNativeTarget;
			buildConfigurationList = 93083D1E2CEB924F00A0C392 /* Build configuration list for PBXNativeTarget "EventHub" */;
			buildPhases = (
				93083D072CEB924D00A0C392 /* Sources */,
				93083D082CEB924D00A0C392 /* Frameworks */,
				93083D092CEB924D00A0C392 /* Resources */,
			);
			buildRules = (
			);
			dependencies = (
			);
			name = EventHub;
			productName = EventHub;
			productReference = 93083D0B2CEB924D00A0C392 /* EventHub.app */;
			productType = "com.apple.product-type.application";
		};
/* End PBXNativeTarget section */

/* Begin PBXProject section */
		93083D032CEB924D00A0C392 /* Project object */ = {
			isa = PBXProject;
			attributes = {
				BuildIndependentTargetsInParallel = 1;
				LastSwiftUpdateCheck = 1540;
				LastUpgradeCheck = 1540;
				TargetAttributes = {
					93083D0A2CEB924D00A0C392 = {
						CreatedOnToolsVersion = 15.4;
					};
				};
			};
			buildConfigurationList = 93083D062CEB924D00A0C392 /* Build configuration list for PBXProject "EventHub" */;
			compatibilityVersion = "Xcode 13.0";
			developmentRegion = en;
			hasScannedForEncodings = 0;
			knownRegions = (
				en,
				Base,
			);
			mainGroup = 93083D022CEB924D00A0C392;
			productRefGroup = 93083D0C2CEB924D00A0C392 /* Products */;
			projectDirPath = "";
			projectRoot = "";
			targets = (
				93083D0A2CEB924D00A0C392 /* EventHub */,
			);
		};
/* End PBXProject section */

/* Begin PBXResourcesBuildPhase section */
		93083D092CEB924D00A0C392 /* Resources */ = {
			isa = PBXResourcesBuildPhase;
			buildActionMask = 2147483647;
			files = (
				93083D162CEB924F00A0C392 /* Preview Assets.xcassets in Resources */,
				93083D132CEB924F00A0C392 /* Assets.xcassets in Resources */,
				CB743EC72CEB936700E22966 /* AirbnbCereal_W_Bk.otf in Resources */,
				CB743EC82CEB936700E22966 /* AirbnbCereal_W_Md.otf in Resources */,
				CB743EC92CEB936700E22966 /* AirbnbCereal_W_Bd.otf in Resources */,
			);
			runOnlyForDeploymentPostprocessing = 0;
		};
/* End PBXResourcesBuildPhase section */

/* Begin PBXSourcesBuildPhase section */
		93083D072CEB924D00A0C392 /* Sources */ = {
			isa = PBXSourcesBuildPhase;
			buildActionMask = 2147483647;
			files = (
				93083D182CEB924F00A0C392 /* Persistence.swift in Sources */,
				793CBF4C2CED03FE00E1B230 /* EventView.swift in Sources */,
				93083D2A2CEB994500A0C392 /* ViewRouter.swift in Sources */,
				93083D112CEB924D00A0C392 /* ContentView.swift in Sources */,
				793CBF4E2CED067000E1B230 /* Date + Ext.swift in Sources */,
				796256582CEBCEDC0019F6E4 /* ExploreEventsButtonView.swift in Sources */,
				7962565B2CEBD68A0019F6E4 /* Font + Ext.swift in Sources */,
				793CBF512CED0F1C00E1B230 /* EventsScreenViewModel.swift in Sources */,
				793CBF532CED11A500E1B230 /* EmptyEventsView.swift in Sources */,
				93083D2E2CEB996E00A0C392 /* TabBarIcon.swift in Sources */,
				CB743ECC2CEB93AC00E22966 /* Font.swift in Sources */,
				93083D272CEB984600A0C392 /* CircleButton.swift in Sources */,
				93083D1B2CEB924F00A0C392 /* EventHub.xcdatamodeld in Sources */,
				796256532CEBC5A20019F6E4 /* EventsScreenView.swift in Sources */,
				796256562CEBCC240019F6E4 /* ChangeModeButtonsView.swift in Sources */,
				93083D2C2CEB995A00A0C392 /* TabBarDimensions.swift in Sources */,
				93083D0F2CEB924D00A0C392 /* EventHubApp.swift in Sources */,
			);
			runOnlyForDeploymentPostprocessing = 0;
		};
/* End PBXSourcesBuildPhase section */

/* Begin XCBuildConfiguration section */
		93083D1C2CEB924F00A0C392 /* Debug */ = {
			isa = XCBuildConfiguration;
			buildSettings = {
				ALWAYS_SEARCH_USER_PATHS = NO;
				ASSETCATALOG_COMPILER_GENERATE_SWIFT_ASSET_SYMBOL_EXTENSIONS = YES;
				CLANG_ANALYZER_NONNULL = YES;
				CLANG_ANALYZER_NUMBER_OBJECT_CONVERSION = YES_AGGRESSIVE;
				CLANG_CXX_LANGUAGE_STANDARD = "gnu++20";
				CLANG_ENABLE_MODULES = YES;
				CLANG_ENABLE_OBJC_ARC = YES;
				CLANG_ENABLE_OBJC_WEAK = YES;
				CLANG_WARN_BLOCK_CAPTURE_AUTORELEASING = YES;
				CLANG_WARN_BOOL_CONVERSION = YES;
				CLANG_WARN_COMMA = YES;
				CLANG_WARN_CONSTANT_CONVERSION = YES;
				CLANG_WARN_DEPRECATED_OBJC_IMPLEMENTATIONS = YES;
				CLANG_WARN_DIRECT_OBJC_ISA_USAGE = YES_ERROR;
				CLANG_WARN_DOCUMENTATION_COMMENTS = YES;
				CLANG_WARN_EMPTY_BODY = YES;
				CLANG_WARN_ENUM_CONVERSION = YES;
				CLANG_WARN_INFINITE_RECURSION = YES;
				CLANG_WARN_INT_CONVERSION = YES;
				CLANG_WARN_NON_LITERAL_NULL_CONVERSION = YES;
				CLANG_WARN_OBJC_IMPLICIT_RETAIN_SELF = YES;
				CLANG_WARN_OBJC_LITERAL_CONVERSION = YES;
				CLANG_WARN_OBJC_ROOT_CLASS = YES_ERROR;
				CLANG_WARN_QUOTED_INCLUDE_IN_FRAMEWORK_HEADER = YES;
				CLANG_WARN_RANGE_LOOP_ANALYSIS = YES;
				CLANG_WARN_STRICT_PROTOTYPES = YES;
				CLANG_WARN_SUSPICIOUS_MOVE = YES;
				CLANG_WARN_UNGUARDED_AVAILABILITY = YES_AGGRESSIVE;
				CLANG_WARN_UNREACHABLE_CODE = YES;
				CLANG_WARN__DUPLICATE_METHOD_MATCH = YES;
				COPY_PHASE_STRIP = NO;
				DEBUG_INFORMATION_FORMAT = dwarf;
				ENABLE_STRICT_OBJC_MSGSEND = YES;
				ENABLE_TESTABILITY = YES;
				ENABLE_USER_SCRIPT_SANDBOXING = YES;
				GCC_C_LANGUAGE_STANDARD = gnu17;
				GCC_DYNAMIC_NO_PIC = NO;
				GCC_NO_COMMON_BLOCKS = YES;
				GCC_OPTIMIZATION_LEVEL = 0;
				GCC_PREPROCESSOR_DEFINITIONS = (
					"DEBUG=1",
					"$(inherited)",
				);
				GCC_WARN_64_TO_32_BIT_CONVERSION = YES;
				GCC_WARN_ABOUT_RETURN_TYPE = YES_ERROR;
				GCC_WARN_UNDECLARED_SELECTOR = YES;
				GCC_WARN_UNINITIALIZED_AUTOS = YES_AGGRESSIVE;
				GCC_WARN_UNUSED_FUNCTION = YES;
				GCC_WARN_UNUSED_VARIABLE = YES;
				IPHONEOS_DEPLOYMENT_TARGET = 17.5;
				LOCALIZATION_PREFERS_STRING_CATALOGS = YES;
				MTL_ENABLE_DEBUG_INFO = INCLUDE_SOURCE;
				MTL_FAST_MATH = YES;
				ONLY_ACTIVE_ARCH = YES;
				SDKROOT = iphoneos;
				SWIFT_ACTIVE_COMPILATION_CONDITIONS = "DEBUG $(inherited)";
				SWIFT_OPTIMIZATION_LEVEL = "-Onone";
			};
			name = Debug;
		};
		93083D1D2CEB924F00A0C392 /* Release */ = {
			isa = XCBuildConfiguration;
			buildSettings = {
				ALWAYS_SEARCH_USER_PATHS = NO;
				ASSETCATALOG_COMPILER_GENERATE_SWIFT_ASSET_SYMBOL_EXTENSIONS = YES;
				CLANG_ANALYZER_NONNULL = YES;
				CLANG_ANALYZER_NUMBER_OBJECT_CONVERSION = YES_AGGRESSIVE;
				CLANG_CXX_LANGUAGE_STANDARD = "gnu++20";
				CLANG_ENABLE_MODULES = YES;
				CLANG_ENABLE_OBJC_ARC = YES;
				CLANG_ENABLE_OBJC_WEAK = YES;
				CLANG_WARN_BLOCK_CAPTURE_AUTORELEASING = YES;
				CLANG_WARN_BOOL_CONVERSION = YES;
				CLANG_WARN_COMMA = YES;
				CLANG_WARN_CONSTANT_CONVERSION = YES;
				CLANG_WARN_DEPRECATED_OBJC_IMPLEMENTATIONS = YES;
				CLANG_WARN_DIRECT_OBJC_ISA_USAGE = YES_ERROR;
				CLANG_WARN_DOCUMENTATION_COMMENTS = YES;
				CLANG_WARN_EMPTY_BODY = YES;
				CLANG_WARN_ENUM_CONVERSION = YES;
				CLANG_WARN_INFINITE_RECURSION = YES;
				CLANG_WARN_INT_CONVERSION = YES;
				CLANG_WARN_NON_LITERAL_NULL_CONVERSION = YES;
				CLANG_WARN_OBJC_IMPLICIT_RETAIN_SELF = YES;
				CLANG_WARN_OBJC_LITERAL_CONVERSION = YES;
				CLANG_WARN_OBJC_ROOT_CLASS = YES_ERROR;
				CLANG_WARN_QUOTED_INCLUDE_IN_FRAMEWORK_HEADER = YES;
				CLANG_WARN_RANGE_LOOP_ANALYSIS = YES;
				CLANG_WARN_STRICT_PROTOTYPES = YES;
				CLANG_WARN_SUSPICIOUS_MOVE = YES;
				CLANG_WARN_UNGUARDED_AVAILABILITY = YES_AGGRESSIVE;
				CLANG_WARN_UNREACHABLE_CODE = YES;
				CLANG_WARN__DUPLICATE_METHOD_MATCH = YES;
				COPY_PHASE_STRIP = NO;
				DEBUG_INFORMATION_FORMAT = "dwarf-with-dsym";
				ENABLE_NS_ASSERTIONS = NO;
				ENABLE_STRICT_OBJC_MSGSEND = YES;
				ENABLE_USER_SCRIPT_SANDBOXING = YES;
				GCC_C_LANGUAGE_STANDARD = gnu17;
				GCC_NO_COMMON_BLOCKS = YES;
				GCC_WARN_64_TO_32_BIT_CONVERSION = YES;
				GCC_WARN_ABOUT_RETURN_TYPE = YES_ERROR;
				GCC_WARN_UNDECLARED_SELECTOR = YES;
				GCC_WARN_UNINITIALIZED_AUTOS = YES_AGGRESSIVE;
				GCC_WARN_UNUSED_FUNCTION = YES;
				GCC_WARN_UNUSED_VARIABLE = YES;
				IPHONEOS_DEPLOYMENT_TARGET = 17.5;
				LOCALIZATION_PREFERS_STRING_CATALOGS = YES;
				MTL_ENABLE_DEBUG_INFO = NO;
				MTL_FAST_MATH = YES;
				SDKROOT = iphoneos;
				SWIFT_COMPILATION_MODE = wholemodule;
				VALIDATE_PRODUCT = YES;
			};
			name = Release;
		};
		93083D1F2CEB924F00A0C392 /* Debug */ = {
			isa = XCBuildConfiguration;
			buildSettings = {
				ASSETCATALOG_COMPILER_APPICON_NAME = AppIcon;
				ASSETCATALOG_COMPILER_GLOBAL_ACCENT_COLOR_NAME = AccentColor;
				CODE_SIGN_IDENTITY = "Apple Development";
				CODE_SIGN_STYLE = Automatic;
				CURRENT_PROJECT_VERSION = 1;
				DEVELOPMENT_ASSET_PATHS = "\"EventHub/Preview Content\"";
				DEVELOPMENT_TEAM = GNN7DQ637Y;
				ENABLE_PREVIEWS = YES;
				GENERATE_INFOPLIST_FILE = YES;
				INFOPLIST_FILE = EventHub/Info.plist;
				INFOPLIST_KEY_UIApplicationSceneManifest_Generation = YES;
				INFOPLIST_KEY_UIApplicationSupportsIndirectInputEvents = YES;
				INFOPLIST_KEY_UILaunchScreen_Generation = YES;
				INFOPLIST_KEY_UISupportedInterfaceOrientations = UIInterfaceOrientationPortrait;
				INFOPLIST_KEY_UISupportedInterfaceOrientations_iPad = "UIInterfaceOrientationLandscapeLeft UIInterfaceOrientationLandscapeRight UIInterfaceOrientationPortrait UIInterfaceOrientationPortraitUpsideDown";
				IPHONEOS_DEPLOYMENT_TARGET = 16;
				LD_RUNPATH_SEARCH_PATHS = (
					"$(inherited)",
					"@executable_path/Frameworks",
				);
				MARKETING_VERSION = 1.0;
				PRODUCT_BUNDLE_IDENTIFIER = ru.devrush.EventHub;
				PRODUCT_NAME = "$(TARGET_NAME)";
				PROVISIONING_PROFILE_SPECIFIER = "";
				SUPPORTED_PLATFORMS = "iphoneos iphonesimulator";
				SUPPORTS_MACCATALYST = NO;
				SUPPORTS_MAC_DESIGNED_FOR_IPHONE_IPAD = NO;
				SUPPORTS_XR_DESIGNED_FOR_IPHONE_IPAD = NO;
				SWIFT_EMIT_LOC_STRINGS = YES;
				SWIFT_VERSION = 5.0;
				TARGETED_DEVICE_FAMILY = 1;
			};
			name = Debug;
		};
		93083D202CEB924F00A0C392 /* Release */ = {
			isa = XCBuildConfiguration;
			buildSettings = {
				ASSETCATALOG_COMPILER_APPICON_NAME = AppIcon;
				ASSETCATALOG_COMPILER_GLOBAL_ACCENT_COLOR_NAME = AccentColor;
				CODE_SIGN_IDENTITY = "Apple Development";
				CODE_SIGN_STYLE = Automatic;
				CURRENT_PROJECT_VERSION = 1;
				DEVELOPMENT_ASSET_PATHS = "\"EventHub/Preview Content\"";
				DEVELOPMENT_TEAM = GNN7DQ637Y;
				ENABLE_PREVIEWS = YES;
				GENERATE_INFOPLIST_FILE = YES;
				INFOPLIST_FILE = EventHub/Info.plist;
				INFOPLIST_KEY_UIApplicationSceneManifest_Generation = YES;
				INFOPLIST_KEY_UIApplicationSupportsIndirectInputEvents = YES;
				INFOPLIST_KEY_UILaunchScreen_Generation = YES;
				INFOPLIST_KEY_UISupportedInterfaceOrientations = UIInterfaceOrientationPortrait;
				INFOPLIST_KEY_UISupportedInterfaceOrientations_iPad = "UIInterfaceOrientationLandscapeLeft UIInterfaceOrientationLandscapeRight UIInterfaceOrientationPortrait UIInterfaceOrientationPortraitUpsideDown";
				IPHONEOS_DEPLOYMENT_TARGET = 16;
				LD_RUNPATH_SEARCH_PATHS = (
					"$(inherited)",
					"@executable_path/Frameworks",
				);
				MARKETING_VERSION = 1.0;
				PRODUCT_BUNDLE_IDENTIFIER = ru.devrush.EventHub;
				PRODUCT_NAME = "$(TARGET_NAME)";
				PROVISIONING_PROFILE_SPECIFIER = "";
				SUPPORTED_PLATFORMS = "iphoneos iphonesimulator";
				SUPPORTS_MACCATALYST = NO;
				SUPPORTS_MAC_DESIGNED_FOR_IPHONE_IPAD = NO;
				SUPPORTS_XR_DESIGNED_FOR_IPHONE_IPAD = NO;
				SWIFT_EMIT_LOC_STRINGS = YES;
				SWIFT_VERSION = 5.0;
				TARGETED_DEVICE_FAMILY = 1;
			};
			name = Release;
		};
/* End XCBuildConfiguration section */

/* Begin XCConfigurationList section */
		93083D062CEB924D00A0C392 /* Build configuration list for PBXProject "EventHub" */ = {
			isa = XCConfigurationList;
			buildConfigurations = (
				93083D1C2CEB924F00A0C392 /* Debug */,
				93083D1D2CEB924F00A0C392 /* Release */,
			);
			defaultConfigurationIsVisible = 0;
			defaultConfigurationName = Release;
		};
		93083D1E2CEB924F00A0C392 /* Build configuration list for PBXNativeTarget "EventHub" */ = {
			isa = XCConfigurationList;
			buildConfigurations = (
				93083D1F2CEB924F00A0C392 /* Debug */,
				93083D202CEB924F00A0C392 /* Release */,
			);
			defaultConfigurationIsVisible = 0;
			defaultConfigurationName = Release;
		};
/* End XCConfigurationList section */

/* Begin XCVersionGroup section */
		93083D192CEB924F00A0C392 /* EventHub.xcdatamodeld */ = {
			isa = XCVersionGroup;
			children = (
				93083D1A2CEB924F00A0C392 /* EventHub.xcdatamodel */,
			);
			currentVersion = 93083D1A2CEB924F00A0C392 /* EventHub.xcdatamodel */;
			path = EventHub.xcdatamodeld;
			sourceTree = "<group>";
			versionGroupType = wrapper.xcdatamodel;
		};
/* End XCVersionGroup section */
	};
	rootObject = 93083D032CEB924D00A0C392 /* Project object */;
}
